<?xml version="1.0" encoding="utf-8"?>
<Project ToolsVersion="15.0" xmlns="http://schemas.microsoft.com/developer/msbuild/2003">
  <ItemGroup>
    <ClCompile Include="D:\My_file\opencv4.1\opencv\sources\modules\ml\src\ann_mlp.cpp">
      <Filter>Src</Filter>
    </ClCompile>
    <ClCompile Include="D:\My_file\opencv4.1\opencv\sources\modules\ml\src\boost.cpp">
      <Filter>Src</Filter>
    </ClCompile>
    <ClCompile Include="D:\My_file\opencv4.1\opencv\sources\modules\ml\src\data.cpp">
      <Filter>Src</Filter>
    </ClCompile>
    <ClCompile Include="D:\My_file\opencv4.1\opencv\sources\modules\ml\src\em.cpp">
      <Filter>Src</Filter>
    </ClCompile>
    <ClCompile Include="D:\My_file\opencv4.1\opencv\sources\modules\ml\src\gbt.cpp">
      <Filter>Src</Filter>
    </ClCompile>
    <ClCompile Include="D:\My_file\opencv4.1\opencv\sources\modules\ml\src\inner_functions.cpp">
      <Filter>Src</Filter>
    </ClCompile>
    <ClCompile Include="D:\My_file\opencv4.1\opencv\sources\modules\ml\src\kdtree.cpp">
      <Filter>Src</Filter>
    </ClCompile>
    <ClCompile Include="D:\My_file\opencv4.1\opencv\sources\modules\ml\src\knearest.cpp">
      <Filter>Src</Filter>
    </ClCompile>
    <ClCompile Include="D:\My_file\opencv4.1\opencv\sources\modules\ml\src\lr.cpp">
      <Filter>Src</Filter>
    </ClCompile>
    <ClCompile Include="D:\My_file\opencv4.1\opencv\sources\modules\ml\src\nbayes.cpp">
      <Filter>Src</Filter>
    </ClCompile>
    <ClCompile Include="D:\My_file\opencv4.1\opencv\sources\modules\ml\src\rtrees.cpp">
      <Filter>Src</Filter>
    </ClCompile>
    <ClCompile Include="D:\My_file\opencv4.1\opencv\sources\modules\ml\src\svm.cpp">
      <Filter>Src</Filter>
    </ClCompile>
    <ClCompile Include="D:\My_file\opencv4.1\opencv\sources\modules\ml\src\svmsgd.cpp">
      <Filter>Src</Filter>
    </ClCompile>
    <ClCompile Include="D:\My_file\opencv4.1\opencv\sources\modules\ml\src\testset.cpp">
      <Filter>Src</Filter>
    </ClCompile>
    <ClCompile Include="D:\My_file\opencv4.1\opencv\sources\modules\ml\src\tree.cpp">
      <Filter>Src</Filter>
    </ClCompile>
    <ClCompile Include="D:\My_file\opencv4.1\opencv-bulild\modules\ml\opencv_ml_pch.cpp">
      <Filter>Src</Filter>
    </ClCompile>
    <ClCompile Include="D:\My_file\opencv4.1\opencv-bulild\modules\ml\opencv_ml_main.cpp">
      <Filter>Source Files</Filter>
    </ClCompile>
  </ItemGroup>
  <ItemGroup>
    <ClInclude Include="D:\My_file\opencv4.1\opencv\sources\modules\ml\include\opencv2\ml.hpp">
      <Filter>Include\opencv2</Filter>
    </ClInclude>
    <ClInclude Include="D:\My_file\opencv4.1\opencv\sources\modules\ml\include\opencv2\ml\ml.hpp">
      <Filter>Include\opencv2\ml</Filter>
    </ClInclude>
    <ClInclude Include="D:\My_file\opencv4.1\opencv\sources\modules\ml\include\opencv2\ml\ml.inl.hpp">
      <Filter>Include\opencv2\ml</Filter>
    </ClInclude>
    <ClInclude Include="D:\My_file\opencv4.1\opencv\sources\modules\ml\src\kdtree.hpp">
      <Filter>Src</Filter>
    </ClInclude>
    <ClInclude Include="D:\My_file\opencv4.1\opencv\sources\modules\ml\src\precomp.hpp">
      <Filter>Src</Filter>
    </ClInclude>
    <ClInclude Include="D:\My_file\opencv4.1\opencv-bulild\cvconfig.h">
      <Filter>Include</Filter>
    </ClInclude>
    <ClInclude Include="D:\My_file\opencv4.1\opencv-bulild\opencv2\opencv_modules.hpp">
      <Filter>Include</Filter>
    </ClInclude>
  </ItemGroup>
  <ItemGroup>
    <CustomBuild Include="D:\My_file\opencv4.1\opencv\sources\modules\ml\CMakeLists.txt" />
  </ItemGroup>
  <ItemGroup>
    <ResourceCompile Include="D:\My_file\opencv4.1\opencv-bulild\modules\ml\vs_version.rc">
      <Filter>Src</Filter>
    </ResourceCompile>
  </ItemGroup>
  <ItemGroup>
    <Filter Include="Include">
      <UniqueIdentifier>{F05F0D06-2DC5-3D75-B987-448915EDDB80}</UniqueIdentifier>
    </Filter>
    <Filter Include="Include\opencv2">
      <UniqueIdentifier>{766F4EAB-37E9-3242-ACF8-9F35D303A390}</UniqueIdentifier>
    </Filter>
    <Filter Include="Include\opencv2\ml">
      <UniqueIdentifier>{D685FB39-9D87-372A-8CA6-FC8AF2E28B78}</UniqueIdentifier>
    </Filter>
    <Filter Include="Source Files">
      <UniqueIdentifier>{8E90F656-D8AC-305A-B235-8AB2E6E22006}</UniqueIdentifier>
    </Filter>
    <Filter Include="Src">
      <UniqueIdentifier>{17A87201-C451-369D-A32B-C00D68873E1A}</UniqueIdentifier>
    </Filter>
  </ItemGroup>
</Project>
