
Microsoft Visual Studio Solution File, Format Version 12.00
# Visual Studio 15
VisualStudioVersion = 15.0.28307.438
MinimumVisualStudioVersion = 10.0.40219.1
Project("{8BC9CEB8-8B4A-11D0-8D11-00A0C91BC942}") = "_text", "_text\_text.vcxproj", "{6FC3A2DB-0737-4512-92BE-CAC5EDE15E72}"
EndProject
Project("{8BC9CEB8-8B4A-11D0-8D11-00A0C91BC942}") = "C++字符串习题", "C++字符串反转\C++字符串反转.vcxproj", "{49E72D63-3792-4041-B998-FD6A76572BB7}"
EndProject
Project("{8BC9CEB8-8B4A-11D0-8D11-00A0C91BC942}") = "算法习题", "算法习题\算法习题.vcxproj", "{FCB58E47-5D3B-4CCC-A996-49825033864A}"
EndProject
Project("{8BC9CEB8-8B4A-11D0-8D11-00A0C91BC942}") = "binary_tree", "binary_tree\binary_tree.vcxproj", "{EF1FA89F-4D77-4FA4-844B-B1BF5D25172D}"
EndProject
Global
	GlobalSection(SolutionConfigurationPlatforms) = preSolution
		Debug|x64 = Debug|x64
		Debug|x86 = Debug|x86
		Release|x64 = Release|x64
		Release|x86 = Release|x86
	EndGlobalSection
	GlobalSection(ProjectConfigurationPlatforms) = postSolution
		{6FC3A2DB-0737-4512-92BE-CAC5EDE15E72}.Debug|x64.ActiveCfg = Debug|x64
		{6FC3A2DB-0737-4512-92BE-CAC5EDE15E72}.Debug|x64.Build.0 = Debug|x64
		{6FC3A2DB-0737-4512-92BE-CAC5EDE15E72}.Debug|x86.ActiveCfg = Debug|Win32
		{6FC3A2DB-0737-4512-92BE-CAC5EDE15E72}.Debug|x86.Build.0 = Debug|Win32
		{6FC3A2DB-0737-4512-92BE-CAC5EDE15E72}.Release|x64.ActiveCfg = Release|x64
		{6FC3A2DB-0737-4512-92BE-CAC5EDE15E72}.Release|x64.Build.0 = Release|x64
		{6FC3A2DB-0737-4512-92BE-CAC5EDE15E72}.Release|x86.ActiveCfg = Release|Win32
		{6FC3A2DB-0737-4512-92BE-CAC5EDE15E72}.Release|x86.Build.0 = Release|Win32
		{49E72D63-3792-4041-B998-FD6A76572BB7}.Debug|x64.ActiveCfg = Debug|x64
		{49E72D63-3792-4041-B998-FD6A76572BB7}.Debug|x64.Build.0 = Debug|x64
		{49E72D63-3792-4041-B998-FD6A76572BB7}.Debug|x86.ActiveCfg = Debug|Win32
		{49E72D63-3792-4041-B998-FD6A76572BB7}.Debug|x86.Build.0 = Debug|Win32
		{49E72D63-3792-4041-B998-FD6A76572BB7}.Release|x64.ActiveCfg = Release|x64
		{49E72D63-3792-4041-B998-FD6A76572BB7}.Release|x64.Build.0 = Release|x64
		{49E72D63-3792-4041-B998-FD6A76572BB7}.Release|x86.ActiveCfg = Release|Win32
		{49E72D63-3792-4041-B998-FD6A76572BB7}.Release|x86.Build.0 = Release|Win32
		{FCB58E47-5D3B-4CCC-A996-49825033864A}.Debug|x64.ActiveCfg = Debug|x64
		{FCB58E47-5D3B-4CCC-A996-49825033864A}.Debug|x64.Build.0 = Debug|x64
		{FCB58E47-5D3B-4CCC-A996-49825033864A}.Debug|x86.ActiveCfg = Debug|Win32
		{FCB58E47-5D3B-4CCC-A996-49825033864A}.Debug|x86.Build.0 = Debug|Win32
		{FCB58E47-5D3B-4CCC-A996-49825033864A}.Release|x64.ActiveCfg = Release|x64
		{FCB58E47-5D3B-4CCC-A996-49825033864A}.Release|x64.Build.0 = Release|x64
		{FCB58E47-5D3B-4CCC-A996-49825033864A}.Release|x86.ActiveCfg = Release|Win32
		{FCB58E47-5D3B-4CCC-A996-49825033864A}.Release|x86.Build.0 = Release|Win32
		{EF1FA89F-4D77-4FA4-844B-B1BF5D25172D}.Debug|x64.ActiveCfg = Debug|x64
		{EF1FA89F-4D77-4FA4-844B-B1BF5D25172D}.Debug|x64.Build.0 = Debug|x64
		{EF1FA89F-4D77-4FA4-844B-B1BF5D25172D}.Debug|x86.ActiveCfg = Debug|Win32
		{EF1FA89F-4D77-4FA4-844B-B1BF5D25172D}.Debug|x86.Build.0 = Debug|Win32
		{EF1FA89F-4D77-4FA4-844B-B1BF5D25172D}.Release|x64.ActiveCfg = Release|x64
		{EF1FA89F-4D77-4FA4-844B-B1BF5D25172D}.Release|x64.Build.0 = Release|x64
		{EF1FA89F-4D77-4FA4-844B-B1BF5D25172D}.Release|x86.ActiveCfg = Release|Win32
		{EF1FA89F-4D77-4FA4-844B-B1BF5D25172D}.Release|x86.Build.0 = Release|Win32
	EndGlobalSection
	GlobalSection(SolutionProperties) = preSolution
		HideSolutionNode = FALSE
	EndGlobalSection
	GlobalSection(ExtensibilityGlobals) = postSolution
		SolutionGuid = {7B092A39-B5B3-49F6-BBFD-8DD782FD5690}
	EndGlobalSection
EndGlobal
