
Microsoft Visual Studio Solution File, Format Version 12.00
# Visual Studio 15
VisualStudioVersion = 15.0.28307.960
MinimumVisualStudioVersion = 10.0.40219.1
Project("{8BC9CEB8-8B4A-11D0-8D11-00A0C91BC942}") = "关联式容器", "关联式容器\关联式容器.vcxproj", "{0383610D-4FCC-4765-B3DB-CC17DF77A530}"
EndProject
Global
	GlobalSection(SolutionConfigurationPlatforms) = preSolution
		Debug|x64 = Debug|x64
		Debug|x86 = Debug|x86
		Release|x64 = Release|x64
		Release|x86 = Release|x86
	EndGlobalSection
	GlobalSection(ProjectConfigurationPlatforms) = postSolution
		{0383610D-4FCC-4765-B3DB-CC17DF77A530}.Debug|x64.ActiveCfg = Debug|x64
		{0383610D-4FCC-4765-B3DB-CC17DF77A530}.Debug|x64.Build.0 = Debug|x64
		{0383610D-4FCC-4765-B3DB-CC17DF77A530}.Debug|x86.ActiveCfg = Debug|Win32
		{0383610D-4FCC-4765-B3DB-CC17DF77A530}.Debug|x86.Build.0 = Debug|Win32
		{0383610D-4FCC-4765-B3DB-CC17DF77A530}.Release|x64.ActiveCfg = Release|x64
		{0383610D-4FCC-4765-B3DB-CC17DF77A530}.Release|x64.Build.0 = Release|x64
		{0383610D-4FCC-4765-B3DB-CC17DF77A530}.Release|x86.ActiveCfg = Release|Win32
		{0383610D-4FCC-4765-B3DB-CC17DF77A530}.Release|x86.Build.0 = Release|Win32
	EndGlobalSection
	GlobalSection(SolutionProperties) = preSolution
		HideSolutionNode = FALSE
	EndGlobalSection
	GlobalSection(ExtensibilityGlobals) = postSolution
		SolutionGuid = {AABAB07F-E9D9-4BF3-BFE2-8B49170151FF}
	EndGlobalSection
EndGlobal
