<?xml version="1.0" encoding="utf-8"?>
<Project ToolsVersion="15.0" xmlns="http://schemas.microsoft.com/developer/msbuild/2003">
  <ItemGroup>
    <ClCompile Include="D:\My_file\opencv_contrib\modules\xfeatures2d\src\affine_feature2d.cpp">
      <Filter>Src</Filter>
    </ClCompile>
    <ClCompile Include="D:\My_file\opencv_contrib\modules\xfeatures2d\src\boostdesc.cpp">
      <Filter>Src</Filter>
    </ClCompile>
    <ClCompile Include="D:\My_file\opencv_contrib\modules\xfeatures2d\src\brief.cpp">
      <Filter>Src</Filter>
    </ClCompile>
    <ClCompile Include="D:\My_file\opencv_contrib\modules\xfeatures2d\src\daisy.cpp">
      <Filter>Src</Filter>
    </ClCompile>
    <ClCompile Include="D:\My_file\opencv_contrib\modules\xfeatures2d\src\ellipticKeyPoint.cpp">
      <Filter>Src</Filter>
    </ClCompile>
    <ClCompile Include="D:\My_file\opencv_contrib\modules\xfeatures2d\src\fast.cpp">
      <Filter>Src</Filter>
    </ClCompile>
    <ClCompile Include="D:\My_file\opencv_contrib\modules\xfeatures2d\src\freak.cpp">
      <Filter>Src</Filter>
    </ClCompile>
    <ClCompile Include="D:\My_file\opencv_contrib\modules\xfeatures2d\src\gms.cpp">
      <Filter>Src</Filter>
    </ClCompile>
    <ClCompile Include="D:\My_file\opencv_contrib\modules\xfeatures2d\src\harris_lapace_detector.cpp">
      <Filter>Src</Filter>
    </ClCompile>
    <ClCompile Include="D:\My_file\opencv_contrib\modules\xfeatures2d\src\latch.cpp">
      <Filter>Src</Filter>
    </ClCompile>
    <ClCompile Include="D:\My_file\opencv_contrib\modules\xfeatures2d\src\logos.cpp">
      <Filter>Src</Filter>
    </ClCompile>
    <ClCompile Include="D:\My_file\opencv_contrib\modules\xfeatures2d\src\logos\Logos.cpp">
      <Filter>Src\logos</Filter>
    </ClCompile>
    <ClCompile Include="D:\My_file\opencv_contrib\modules\xfeatures2d\src\logos\Match.cpp">
      <Filter>Src\logos</Filter>
    </ClCompile>
    <ClCompile Include="D:\My_file\opencv_contrib\modules\xfeatures2d\src\logos\Point.cpp">
      <Filter>Src\logos</Filter>
    </ClCompile>
    <ClCompile Include="D:\My_file\opencv_contrib\modules\xfeatures2d\src\logos\PointPair.cpp">
      <Filter>Src\logos</Filter>
    </ClCompile>
    <ClCompile Include="D:\My_file\opencv_contrib\modules\xfeatures2d\src\lucid.cpp">
      <Filter>Src</Filter>
    </ClCompile>
    <ClCompile Include="D:\My_file\opencv_contrib\modules\xfeatures2d\src\msd.cpp">
      <Filter>Src</Filter>
    </ClCompile>
    <ClCompile Include="D:\My_file\opencv_contrib\modules\xfeatures2d\src\pct_signatures.cpp">
      <Filter>Src</Filter>
    </ClCompile>
    <ClCompile Include="D:\My_file\opencv_contrib\modules\xfeatures2d\src\pct_signatures\grayscale_bitmap.cpp">
      <Filter>Src\pct_signatures</Filter>
    </ClCompile>
    <ClCompile Include="D:\My_file\opencv_contrib\modules\xfeatures2d\src\pct_signatures\pct_clusterizer.cpp">
      <Filter>Src\pct_signatures</Filter>
    </ClCompile>
    <ClCompile Include="D:\My_file\opencv_contrib\modules\xfeatures2d\src\pct_signatures\pct_sampler.cpp">
      <Filter>Src\pct_signatures</Filter>
    </ClCompile>
    <ClCompile Include="D:\My_file\opencv_contrib\modules\xfeatures2d\src\pct_signatures_sqfd.cpp">
      <Filter>Src</Filter>
    </ClCompile>
    <ClCompile Include="D:\My_file\opencv_contrib\modules\xfeatures2d\src\stardetector.cpp">
      <Filter>Src</Filter>
    </ClCompile>
    <ClCompile Include="D:\My_file\opencv_contrib\modules\xfeatures2d\src\surf.cpp">
      <Filter>Src</Filter>
    </ClCompile>
    <ClCompile Include="D:\My_file\opencv_contrib\modules\xfeatures2d\src\surf.cuda.cpp">
      <Filter>Src</Filter>
    </ClCompile>
    <ClCompile Include="D:\My_file\opencv_contrib\modules\xfeatures2d\src\surf.ocl.cpp">
      <Filter>Src</Filter>
    </ClCompile>
    <ClCompile Include="D:\My_file\opencv_contrib\modules\xfeatures2d\src\vgg.cpp">
      <Filter>Src</Filter>
    </ClCompile>
    <ClCompile Include="D:\My_file\opencv_contrib\modules\xfeatures2d\src\xfeatures2d_init.cpp">
      <Filter>Src</Filter>
    </ClCompile>
    <ClCompile Include="D:\My_file\opencv4.1\opencv-bulild\modules\xfeatures2d\opencl_kernels_xfeatures2d.cpp">
      <Filter>Src\opencl\kernels\autogenerated</Filter>
    </ClCompile>
    <ClCompile Include="D:\My_file\opencv4.1\opencv-bulild\modules\xfeatures2d\opencv_xfeatures2d_pch.cpp">
      <Filter>Src</Filter>
    </ClCompile>
    <ClCompile Include="D:\My_file\opencv4.1\opencv-bulild\modules\xfeatures2d\opencv_xfeatures2d_main.cpp">
      <Filter>Source Files</Filter>
    </ClCompile>
  </ItemGroup>
  <ItemGroup>
    <ClInclude Include="D:\My_file\opencv_contrib\modules\xfeatures2d\include\opencv2\xfeatures2d.hpp">
      <Filter>Include\opencv2</Filter>
    </ClInclude>
    <ClInclude Include="D:\My_file\opencv_contrib\modules\xfeatures2d\include\opencv2\xfeatures2d\cuda.hpp">
      <Filter>Include\opencv2\xfeatures2d</Filter>
    </ClInclude>
    <ClInclude Include="D:\My_file\opencv_contrib\modules\xfeatures2d\include\opencv2\xfeatures2d\nonfree.hpp">
      <Filter>Include\opencv2\xfeatures2d</Filter>
    </ClInclude>
    <ClInclude Include="D:\My_file\opencv4.1\opencv-bulild\modules\xfeatures2d\opencl_kernels_xfeatures2d.hpp">
      <Filter>Src\opencl\kernels\autogenerated</Filter>
    </ClInclude>
    <ClInclude Include="D:\My_file\opencv_contrib\modules\xfeatures2d\src\logos\Logos.hpp">
      <Filter>Src\logos</Filter>
    </ClInclude>
    <ClInclude Include="D:\My_file\opencv_contrib\modules\xfeatures2d\src\logos\Match.hpp">
      <Filter>Src\logos</Filter>
    </ClInclude>
    <ClInclude Include="D:\My_file\opencv_contrib\modules\xfeatures2d\src\logos\Point.hpp">
      <Filter>Src\logos</Filter>
    </ClInclude>
    <ClInclude Include="D:\My_file\opencv_contrib\modules\xfeatures2d\src\logos\PointPair.hpp">
      <Filter>Src\logos</Filter>
    </ClInclude>
    <ClInclude Include="D:\My_file\opencv_contrib\modules\xfeatures2d\src\pct_signatures\constants.hpp">
      <Filter>Src\pct_signatures</Filter>
    </ClInclude>
    <ClInclude Include="D:\My_file\opencv_contrib\modules\xfeatures2d\src\pct_signatures\distance.hpp">
      <Filter>Src\pct_signatures</Filter>
    </ClInclude>
    <ClInclude Include="D:\My_file\opencv_contrib\modules\xfeatures2d\src\pct_signatures\grayscale_bitmap.hpp">
      <Filter>Src\pct_signatures</Filter>
    </ClInclude>
    <ClInclude Include="D:\My_file\opencv_contrib\modules\xfeatures2d\src\pct_signatures\pct_clusterizer.hpp">
      <Filter>Src\pct_signatures</Filter>
    </ClInclude>
    <ClInclude Include="D:\My_file\opencv_contrib\modules\xfeatures2d\src\pct_signatures\pct_sampler.hpp">
      <Filter>Src\pct_signatures</Filter>
    </ClInclude>
    <ClInclude Include="D:\My_file\opencv_contrib\modules\xfeatures2d\src\pct_signatures\similarity.hpp">
      <Filter>Src\pct_signatures</Filter>
    </ClInclude>
    <ClInclude Include="D:\My_file\opencv_contrib\modules\xfeatures2d\src\precomp.hpp">
      <Filter>Src</Filter>
    </ClInclude>
    <ClInclude Include="D:\My_file\opencv_contrib\modules\xfeatures2d\src\surf.hpp">
      <Filter>Src</Filter>
    </ClInclude>
    <ClInclude Include="D:\My_file\opencv4.1\opencv-bulild\cvconfig.h">
      <Filter>Include</Filter>
    </ClInclude>
    <ClInclude Include="D:\My_file\opencv4.1\opencv-bulild\opencv2\opencv_modules.hpp">
      <Filter>Include</Filter>
    </ClInclude>
  </ItemGroup>
  <ItemGroup>
    <CustomBuild Include="D:\My_file\opencv4.1\opencv-bulild\CMakeFiles\9e37cfb6f8f32be6b23bcc851b0b1f97\opencl_kernels_xfeatures2d.cpp.rule">
      <Filter>CMake Rules</Filter>
    </CustomBuild>
    <CustomBuild Include="D:\My_file\opencv_contrib\modules\xfeatures2d\CMakeLists.txt" />
  </ItemGroup>
  <ItemGroup>
    <None Include="D:\My_file\opencv_contrib\modules\xfeatures2d\src\opencl\surf.cl">
      <Filter>Src\opencl\kernels</Filter>
    </None>
  </ItemGroup>
  <ItemGroup>
    <ResourceCompile Include="D:\My_file\opencv4.1\opencv-bulild\modules\xfeatures2d\vs_version.rc">
      <Filter>Src</Filter>
    </ResourceCompile>
  </ItemGroup>
  <ItemGroup>
    <Filter Include="CMake Rules">
      <UniqueIdentifier>{608D5983-D0B2-3DB4-B2E3-9049DAF62CB0}</UniqueIdentifier>
    </Filter>
    <Filter Include="Include">
      <UniqueIdentifier>{F05F0D06-2DC5-3D75-B987-448915EDDB80}</UniqueIdentifier>
    </Filter>
    <Filter Include="Include\opencv2">
      <UniqueIdentifier>{766F4EAB-37E9-3242-ACF8-9F35D303A390}</UniqueIdentifier>
    </Filter>
    <Filter Include="Include\opencv2\xfeatures2d">
      <UniqueIdentifier>{6DC39DB3-194F-3221-A7CA-7D61F5F82288}</UniqueIdentifier>
    </Filter>
    <Filter Include="Source Files">
      <UniqueIdentifier>{8E90F656-D8AC-305A-B235-8AB2E6E22006}</UniqueIdentifier>
    </Filter>
    <Filter Include="Src">
      <UniqueIdentifier>{17A87201-C451-369D-A32B-C00D68873E1A}</UniqueIdentifier>
    </Filter>
    <Filter Include="Src\logos">
      <UniqueIdentifier>{F369F104-4314-39D3-A7F7-B25CCBDD2052}</UniqueIdentifier>
    </Filter>
    <Filter Include="Src\opencl">
      <UniqueIdentifier>{88090175-C1EB-31F5-BB67-A770C6483317}</UniqueIdentifier>
    </Filter>
    <Filter Include="Src\opencl\kernels">
      <UniqueIdentifier>{48E29CDE-E7EC-3B6E-8EA9-65A20E25ADE3}</UniqueIdentifier>
    </Filter>
    <Filter Include="Src\opencl\kernels\autogenerated">
      <UniqueIdentifier>{33F37EC3-C884-3B97-A6C9-0B0554303CBE}</UniqueIdentifier>
    </Filter>
    <Filter Include="Src\pct_signatures">
      <UniqueIdentifier>{D8C2491C-B997-33E7-8303-31A29D2FA0CE}</UniqueIdentifier>
    </Filter>
  </ItemGroup>
</Project>
