Microsoft Visual Studio Solution File, Format Version 12.00
# Visual Studio 15
Project("{2150E333-8FDC-42A3-9474-1A3956D46DE8}") = "3rdparty", "3rdparty", "{DE30377B-7C28-3423-B83C-7EDEB2067CE3}"
EndProject
Project("{2150E333-8FDC-42A3-9474-1A3956D46DE8}") = "CMakeTargets", "CMakeTargets", "{EF7BCCFE-A1F2-35BF-BE8A-35A69C4605A7}"
EndProject
Project("{2150E333-8FDC-42A3-9474-1A3956D46DE8}") = "dispatched", "dispatched", "{FD4EE6D0-A72D-39DA-AD8E-E8E9A3F3F24D}"
EndProject
Project("{2150E333-8FDC-42A3-9474-1A3956D46DE8}") = "modules", "modules", "{42D2651B-A603-3C92-9E34-DBBD66E5DCD9}"
EndProject
Project("{8BC9CEB8-8B4A-11D0-8D11-00A0C91BC942}") = "ALL_BUILD", "ALL_BUILD.vcxproj", "{B0352ACA-8723-3243-8046-D2BB4F0AA26B}"
	ProjectSection(ProjectDependencies) = postProject
		{9AC2EC1D-3AB6-35B3-A6CF-BF068C4374ED} = {9AC2EC1D-3AB6-35B3-A6CF-BF068C4374ED}
		{B8D7E31A-1C0B-31F0-BDEA-524487A7956B} = {B8D7E31A-1C0B-31F0-BDEA-524487A7956B}
	EndProjectSection
EndProject
Project("{8BC9CEB8-8B4A-11D0-8D11-00A0C91BC942}") = "INSTALL", "INSTALL.vcxproj", "{D14AAAAB-ADB5-3A59-ABB3-BD8CBC6E015B}"
	ProjectSection(ProjectDependencies) = postProject
		{B0352ACA-8723-3243-8046-D2BB4F0AA26B} = {B0352ACA-8723-3243-8046-D2BB4F0AA26B}
		{9AC2EC1D-3AB6-35B3-A6CF-BF068C4374ED} = {9AC2EC1D-3AB6-35B3-A6CF-BF068C4374ED}
	EndProjectSection
EndProject
Project("{8BC9CEB8-8B4A-11D0-8D11-00A0C91BC942}") = "PACKAGE", "PACKAGE.vcxproj", "{FC3AE120-96C5-3986-860E-2C9843AA141C}"
	ProjectSection(ProjectDependencies) = postProject
		{B0352ACA-8723-3243-8046-D2BB4F0AA26B} = {B0352ACA-8723-3243-8046-D2BB4F0AA26B}
		{9AC2EC1D-3AB6-35B3-A6CF-BF068C4374ED} = {9AC2EC1D-3AB6-35B3-A6CF-BF068C4374ED}
	EndProjectSection
EndProject
Project("{8BC9CEB8-8B4A-11D0-8D11-00A0C91BC942}") = "RUN_TESTS", "RUN_TESTS.vcxproj", "{455252EC-8D8D-3524-B295-F9C8420220AB}"
	ProjectSection(ProjectDependencies) = postProject
		{9AC2EC1D-3AB6-35B3-A6CF-BF068C4374ED} = {9AC2EC1D-3AB6-35B3-A6CF-BF068C4374ED}
	EndProjectSection
EndProject
Project("{8BC9CEB8-8B4A-11D0-8D11-00A0C91BC942}") = "ZERO_CHECK", "..\..\\ZERO_CHECK.vcxproj", "{9AC2EC1D-3AB6-35B3-A6CF-BF068C4374ED}"
	ProjectSection(ProjectDependencies) = postProject
	EndProjectSection
EndProject
Project("{8BC9CEB8-8B4A-11D0-8D11-00A0C91BC942}") = "ittnotify", "..\..\3rdparty\ittnotify\ittnotify.vcxproj", "{12B434BB-D656-3071-A8B1-8D374C8B098F}"
	ProjectSection(ProjectDependencies) = postProject
		{9AC2EC1D-3AB6-35B3-A6CF-BF068C4374ED} = {9AC2EC1D-3AB6-35B3-A6CF-BF068C4374ED}
	EndProjectSection
EndProject
Project("{8BC9CEB8-8B4A-11D0-8D11-00A0C91BC942}") = "opencv_core", "..\core\opencv_core.vcxproj", "{34E86C09-0889-3F67-96D5-60829E8B81AE}"
	ProjectSection(ProjectDependencies) = postProject
		{9AC2EC1D-3AB6-35B3-A6CF-BF068C4374ED} = {9AC2EC1D-3AB6-35B3-A6CF-BF068C4374ED}
		{12B434BB-D656-3071-A8B1-8D374C8B098F} = {12B434BB-D656-3071-A8B1-8D374C8B098F}
		{6A1F8301-0F7F-3A8C-AA59-63C5588A3B85} = {6A1F8301-0F7F-3A8C-AA59-63C5588A3B85}
		{1AF982FA-74FD-310E-948B-2319055C5165} = {1AF982FA-74FD-310E-948B-2319055C5165}
		{2435C091-BCC3-3A93-BA23-7297B7A1001F} = {2435C091-BCC3-3A93-BA23-7297B7A1001F}
		{8F4A4902-7A62-3F46-BFDA-359260F79C31} = {8F4A4902-7A62-3F46-BFDA-359260F79C31}
	EndProjectSection
EndProject
Project("{8BC9CEB8-8B4A-11D0-8D11-00A0C91BC942}") = "opencv_core_AVX", "..\core\opencv_core_AVX.vcxproj", "{6A1F8301-0F7F-3A8C-AA59-63C5588A3B85}"
	ProjectSection(ProjectDependencies) = postProject
		{9AC2EC1D-3AB6-35B3-A6CF-BF068C4374ED} = {9AC2EC1D-3AB6-35B3-A6CF-BF068C4374ED}
	EndProjectSection
EndProject
Project("{8BC9CEB8-8B4A-11D0-8D11-00A0C91BC942}") = "opencv_core_SSE4_1", "..\core\opencv_core_SSE4_1.vcxproj", "{1AF982FA-74FD-310E-948B-2319055C5165}"
	ProjectSection(ProjectDependencies) = postProject
		{9AC2EC1D-3AB6-35B3-A6CF-BF068C4374ED} = {9AC2EC1D-3AB6-35B3-A6CF-BF068C4374ED}
	EndProjectSection
EndProject
Project("{8BC9CEB8-8B4A-11D0-8D11-00A0C91BC942}") = "opencv_core_SSE4_2", "..\core\opencv_core_SSE4_2.vcxproj", "{2435C091-BCC3-3A93-BA23-7297B7A1001F}"
	ProjectSection(ProjectDependencies) = postProject
		{9AC2EC1D-3AB6-35B3-A6CF-BF068C4374ED} = {9AC2EC1D-3AB6-35B3-A6CF-BF068C4374ED}
	EndProjectSection
EndProject
Project("{8BC9CEB8-8B4A-11D0-8D11-00A0C91BC942}") = "opencv_imgproc", "..\imgproc\opencv_imgproc.vcxproj", "{533CA162-9625-361D-B436-2291C845CE9C}"
	ProjectSection(ProjectDependencies) = postProject
		{9AC2EC1D-3AB6-35B3-A6CF-BF068C4374ED} = {9AC2EC1D-3AB6-35B3-A6CF-BF068C4374ED}
		{34E86C09-0889-3F67-96D5-60829E8B81AE} = {34E86C09-0889-3F67-96D5-60829E8B81AE}
		{C04308DB-98FD-333A-B977-AA4B2E21C0A0} = {C04308DB-98FD-333A-B977-AA4B2E21C0A0}
		{6E016040-2F95-3F25-9364-CB38B4AC2F60} = {6E016040-2F95-3F25-9364-CB38B4AC2F60}
	EndProjectSection
EndProject
Project("{8BC9CEB8-8B4A-11D0-8D11-00A0C91BC942}") = "opencv_imgproc_AVX", "..\imgproc\opencv_imgproc_AVX.vcxproj", "{C04308DB-98FD-333A-B977-AA4B2E21C0A0}"
	ProjectSection(ProjectDependencies) = postProject
		{9AC2EC1D-3AB6-35B3-A6CF-BF068C4374ED} = {9AC2EC1D-3AB6-35B3-A6CF-BF068C4374ED}
	EndProjectSection
EndProject
Project("{8BC9CEB8-8B4A-11D0-8D11-00A0C91BC942}") = "opencv_imgproc_SSE4_1", "..\imgproc\opencv_imgproc_SSE4_1.vcxproj", "{6E016040-2F95-3F25-9364-CB38B4AC2F60}"
	ProjectSection(ProjectDependencies) = postProject
		{9AC2EC1D-3AB6-35B3-A6CF-BF068C4374ED} = {9AC2EC1D-3AB6-35B3-A6CF-BF068C4374ED}
	EndProjectSection
EndProject
Project("{8BC9CEB8-8B4A-11D0-8D11-00A0C91BC942}") = "opencv_plot", "opencv_plot.vcxproj", "{B8D7E31A-1C0B-31F0-BDEA-524487A7956B}"
	ProjectSection(ProjectDependencies) = postProject
		{9AC2EC1D-3AB6-35B3-A6CF-BF068C4374ED} = {9AC2EC1D-3AB6-35B3-A6CF-BF068C4374ED}
		{34E86C09-0889-3F67-96D5-60829E8B81AE} = {34E86C09-0889-3F67-96D5-60829E8B81AE}
		{533CA162-9625-361D-B436-2291C845CE9C} = {533CA162-9625-361D-B436-2291C845CE9C}
	EndProjectSection
EndProject
Project("{8BC9CEB8-8B4A-11D0-8D11-00A0C91BC942}") = "zlib", "..\..\3rdparty\zlib\zlib.vcxproj", "{8F4A4902-7A62-3F46-BFDA-359260F79C31}"
	ProjectSection(ProjectDependencies) = postProject
		{9AC2EC1D-3AB6-35B3-A6CF-BF068C4374ED} = {9AC2EC1D-3AB6-35B3-A6CF-BF068C4374ED}
	EndProjectSection
EndProject
Global
	GlobalSection(SolutionConfigurationPlatforms) = preSolution
		Debug|Win32 = Debug|Win32
		Release|Win32 = Release|Win32
	EndGlobalSection
	GlobalSection(ProjectConfigurationPlatforms) = postSolution
		{B0352ACA-8723-3243-8046-D2BB4F0AA26B}.Debug|Win32.ActiveCfg = Debug|Win32
		{B0352ACA-8723-3243-8046-D2BB4F0AA26B}.Debug|Win32.Build.0 = Debug|Win32
		{B0352ACA-8723-3243-8046-D2BB4F0AA26B}.Release|Win32.ActiveCfg = Release|Win32
		{B0352ACA-8723-3243-8046-D2BB4F0AA26B}.Release|Win32.Build.0 = Release|Win32
		{D14AAAAB-ADB5-3A59-ABB3-BD8CBC6E015B}.Debug|Win32.ActiveCfg = Debug|Win32
		{D14AAAAB-ADB5-3A59-ABB3-BD8CBC6E015B}.Release|Win32.ActiveCfg = Release|Win32
		{FC3AE120-96C5-3986-860E-2C9843AA141C}.Debug|Win32.ActiveCfg = Debug|Win32
		{FC3AE120-96C5-3986-860E-2C9843AA141C}.Release|Win32.ActiveCfg = Release|Win32
		{455252EC-8D8D-3524-B295-F9C8420220AB}.Debug|Win32.ActiveCfg = Debug|Win32
		{455252EC-8D8D-3524-B295-F9C8420220AB}.Release|Win32.ActiveCfg = Release|Win32
		{9AC2EC1D-3AB6-35B3-A6CF-BF068C4374ED}.Debug|Win32.ActiveCfg = Debug|Win32
		{9AC2EC1D-3AB6-35B3-A6CF-BF068C4374ED}.Debug|Win32.Build.0 = Debug|Win32
		{9AC2EC1D-3AB6-35B3-A6CF-BF068C4374ED}.Release|Win32.ActiveCfg = Release|Win32
		{9AC2EC1D-3AB6-35B3-A6CF-BF068C4374ED}.Release|Win32.Build.0 = Release|Win32
		{12B434BB-D656-3071-A8B1-8D374C8B098F}.Debug|Win32.ActiveCfg = Debug|Win32
		{12B434BB-D656-3071-A8B1-8D374C8B098F}.Debug|Win32.Build.0 = Debug|Win32
		{12B434BB-D656-3071-A8B1-8D374C8B098F}.Release|Win32.ActiveCfg = Release|Win32
		{12B434BB-D656-3071-A8B1-8D374C8B098F}.Release|Win32.Build.0 = Release|Win32
		{34E86C09-0889-3F67-96D5-60829E8B81AE}.Debug|Win32.ActiveCfg = Debug|Win32
		{34E86C09-0889-3F67-96D5-60829E8B81AE}.Debug|Win32.Build.0 = Debug|Win32
		{34E86C09-0889-3F67-96D5-60829E8B81AE}.Release|Win32.ActiveCfg = Release|Win32
		{34E86C09-0889-3F67-96D5-60829E8B81AE}.Release|Win32.Build.0 = Release|Win32
		{6A1F8301-0F7F-3A8C-AA59-63C5588A3B85}.Debug|Win32.ActiveCfg = Debug|Win32
		{6A1F8301-0F7F-3A8C-AA59-63C5588A3B85}.Debug|Win32.Build.0 = Debug|Win32
		{6A1F8301-0F7F-3A8C-AA59-63C5588A3B85}.Release|Win32.ActiveCfg = Release|Win32
		{6A1F8301-0F7F-3A8C-AA59-63C5588A3B85}.Release|Win32.Build.0 = Release|Win32
		{1AF982FA-74FD-310E-948B-2319055C5165}.Debug|Win32.ActiveCfg = Debug|Win32
		{1AF982FA-74FD-310E-948B-2319055C5165}.Debug|Win32.Build.0 = Debug|Win32
		{1AF982FA-74FD-310E-948B-2319055C5165}.Release|Win32.ActiveCfg = Release|Win32
		{1AF982FA-74FD-310E-948B-2319055C5165}.Release|Win32.Build.0 = Release|Win32
		{2435C091-BCC3-3A93-BA23-7297B7A1001F}.Debug|Win32.ActiveCfg = Debug|Win32
		{2435C091-BCC3-3A93-BA23-7297B7A1001F}.Debug|Win32.Build.0 = Debug|Win32
		{2435C091-BCC3-3A93-BA23-7297B7A1001F}.Release|Win32.ActiveCfg = Release|Win32
		{2435C091-BCC3-3A93-BA23-7297B7A1001F}.Release|Win32.Build.0 = Release|Win32
		{533CA162-9625-361D-B436-2291C845CE9C}.Debug|Win32.ActiveCfg = Debug|Win32
		{533CA162-9625-361D-B436-2291C845CE9C}.Debug|Win32.Build.0 = Debug|Win32
		{533CA162-9625-361D-B436-2291C845CE9C}.Release|Win32.ActiveCfg = Release|Win32
		{533CA162-9625-361D-B436-2291C845CE9C}.Release|Win32.Build.0 = Release|Win32
		{C04308DB-98FD-333A-B977-AA4B2E21C0A0}.Debug|Win32.ActiveCfg = Debug|Win32
		{C04308DB-98FD-333A-B977-AA4B2E21C0A0}.Debug|Win32.Build.0 = Debug|Win32
		{C04308DB-98FD-333A-B977-AA4B2E21C0A0}.Release|Win32.ActiveCfg = Release|Win32
		{C04308DB-98FD-333A-B977-AA4B2E21C0A0}.Release|Win32.Build.0 = Release|Win32
		{6E016040-2F95-3F25-9364-CB38B4AC2F60}.Debug|Win32.ActiveCfg = Debug|Win32
		{6E016040-2F95-3F25-9364-CB38B4AC2F60}.Debug|Win32.Build.0 = Debug|Win32
		{6E016040-2F95-3F25-9364-CB38B4AC2F60}.Release|Win32.ActiveCfg = Release|Win32
		{6E016040-2F95-3F25-9364-CB38B4AC2F60}.Release|Win32.Build.0 = Release|Win32
		{B8D7E31A-1C0B-31F0-BDEA-524487A7956B}.Debug|Win32.ActiveCfg = Debug|Win32
		{B8D7E31A-1C0B-31F0-BDEA-524487A7956B}.Debug|Win32.Build.0 = Debug|Win32
		{B8D7E31A-1C0B-31F0-BDEA-524487A7956B}.Release|Win32.ActiveCfg = Release|Win32
		{B8D7E31A-1C0B-31F0-BDEA-524487A7956B}.Release|Win32.Build.0 = Release|Win32
		{8F4A4902-7A62-3F46-BFDA-359260F79C31}.Debug|Win32.ActiveCfg = Debug|Win32
		{8F4A4902-7A62-3F46-BFDA-359260F79C31}.Debug|Win32.Build.0 = Debug|Win32
		{8F4A4902-7A62-3F46-BFDA-359260F79C31}.Release|Win32.ActiveCfg = Release|Win32
		{8F4A4902-7A62-3F46-BFDA-359260F79C31}.Release|Win32.Build.0 = Release|Win32
	EndGlobalSection
	GlobalSection(NestedProjects) = preSolution
		{12B434BB-D656-3071-A8B1-8D374C8B098F} = {DE30377B-7C28-3423-B83C-7EDEB2067CE3}
		{8F4A4902-7A62-3F46-BFDA-359260F79C31} = {DE30377B-7C28-3423-B83C-7EDEB2067CE3}
		{B0352ACA-8723-3243-8046-D2BB4F0AA26B} = {EF7BCCFE-A1F2-35BF-BE8A-35A69C4605A7}
		{D14AAAAB-ADB5-3A59-ABB3-BD8CBC6E015B} = {EF7BCCFE-A1F2-35BF-BE8A-35A69C4605A7}
		{FC3AE120-96C5-3986-860E-2C9843AA141C} = {EF7BCCFE-A1F2-35BF-BE8A-35A69C4605A7}
		{455252EC-8D8D-3524-B295-F9C8420220AB} = {EF7BCCFE-A1F2-35BF-BE8A-35A69C4605A7}
		{9AC2EC1D-3AB6-35B3-A6CF-BF068C4374ED} = {EF7BCCFE-A1F2-35BF-BE8A-35A69C4605A7}
		{6A1F8301-0F7F-3A8C-AA59-63C5588A3B85} = {FD4EE6D0-A72D-39DA-AD8E-E8E9A3F3F24D}
		{1AF982FA-74FD-310E-948B-2319055C5165} = {FD4EE6D0-A72D-39DA-AD8E-E8E9A3F3F24D}
		{2435C091-BCC3-3A93-BA23-7297B7A1001F} = {FD4EE6D0-A72D-39DA-AD8E-E8E9A3F3F24D}
		{C04308DB-98FD-333A-B977-AA4B2E21C0A0} = {FD4EE6D0-A72D-39DA-AD8E-E8E9A3F3F24D}
		{6E016040-2F95-3F25-9364-CB38B4AC2F60} = {FD4EE6D0-A72D-39DA-AD8E-E8E9A3F3F24D}
		{34E86C09-0889-3F67-96D5-60829E8B81AE} = {42D2651B-A603-3C92-9E34-DBBD66E5DCD9}
		{533CA162-9625-361D-B436-2291C845CE9C} = {42D2651B-A603-3C92-9E34-DBBD66E5DCD9}
		{B8D7E31A-1C0B-31F0-BDEA-524487A7956B} = {42D2651B-A603-3C92-9E34-DBBD66E5DCD9}
	EndGlobalSection
	GlobalSection(ExtensibilityGlobals) = postSolution
		SolutionGuid = {C0D2C011-765B-318D-ACB8-37A8A1856F9B}
	EndGlobalSection
	GlobalSection(ExtensibilityAddIns) = postSolution
	EndGlobalSection
EndGlobal
