<?xml version="1.0" encoding="utf-8"?>
<Project ToolsVersion="15.0" xmlns="http://schemas.microsoft.com/developer/msbuild/2003">
  <ItemGroup>
    <ClCompile Include="D:\My_file\opencv4.1\opencv\sources\modules\imgproc\src\accum.cpp">
      <Filter>Src</Filter>
    </ClCompile>
    <ClCompile Include="D:\My_file\opencv4.1\opencv\sources\modules\imgproc\src\accum.dispatch.cpp">
      <Filter>Src</Filter>
    </ClCompile>
    <ClCompile Include="D:\My_file\opencv4.1\opencv\sources\modules\imgproc\src\approx.cpp">
      <Filter>Src</Filter>
    </ClCompile>
    <ClCompile Include="D:\My_file\opencv4.1\opencv\sources\modules\imgproc\src\bilateral_filter.dispatch.cpp">
      <Filter>Src</Filter>
    </ClCompile>
    <ClCompile Include="D:\My_file\opencv4.1\opencv\sources\modules\imgproc\src\blend.cpp">
      <Filter>Src</Filter>
    </ClCompile>
    <ClCompile Include="D:\My_file\opencv4.1\opencv\sources\modules\imgproc\src\box_filter.dispatch.cpp">
      <Filter>Src</Filter>
    </ClCompile>
    <ClCompile Include="D:\My_file\opencv4.1\opencv\sources\modules\imgproc\src\canny.cpp">
      <Filter>Src</Filter>
    </ClCompile>
    <ClCompile Include="D:\My_file\opencv4.1\opencv\sources\modules\imgproc\src\clahe.cpp">
      <Filter>Src</Filter>
    </ClCompile>
    <ClCompile Include="D:\My_file\opencv4.1\opencv\sources\modules\imgproc\src\color.cpp">
      <Filter>Src</Filter>
    </ClCompile>
    <ClCompile Include="D:\My_file\opencv4.1\opencv\sources\modules\imgproc\src\color_hsv.dispatch.cpp">
      <Filter>Src</Filter>
    </ClCompile>
    <ClCompile Include="D:\My_file\opencv4.1\opencv\sources\modules\imgproc\src\color_lab.cpp">
      <Filter>Src</Filter>
    </ClCompile>
    <ClCompile Include="D:\My_file\opencv4.1\opencv\sources\modules\imgproc\src\color_rgb.dispatch.cpp">
      <Filter>Src</Filter>
    </ClCompile>
    <ClCompile Include="D:\My_file\opencv4.1\opencv\sources\modules\imgproc\src\color_yuv.dispatch.cpp">
      <Filter>Src</Filter>
    </ClCompile>
    <ClCompile Include="D:\My_file\opencv4.1\opencv\sources\modules\imgproc\src\colormap.cpp">
      <Filter>Src</Filter>
    </ClCompile>
    <ClCompile Include="D:\My_file\opencv4.1\opencv\sources\modules\imgproc\src\connectedcomponents.cpp">
      <Filter>Src</Filter>
    </ClCompile>
    <ClCompile Include="D:\My_file\opencv4.1\opencv\sources\modules\imgproc\src\contours.cpp">
      <Filter>Src</Filter>
    </ClCompile>
    <ClCompile Include="D:\My_file\opencv4.1\opencv\sources\modules\imgproc\src\convhull.cpp">
      <Filter>Src</Filter>
    </ClCompile>
    <ClCompile Include="D:\My_file\opencv4.1\opencv\sources\modules\imgproc\src\corner.cpp">
      <Filter>Src</Filter>
    </ClCompile>
    <ClCompile Include="D:\My_file\opencv4.1\opencv\sources\modules\imgproc\src\cornersubpix.cpp">
      <Filter>Src</Filter>
    </ClCompile>
    <ClCompile Include="D:\My_file\opencv4.1\opencv\sources\modules\imgproc\src\demosaicing.cpp">
      <Filter>Src</Filter>
    </ClCompile>
    <ClCompile Include="D:\My_file\opencv4.1\opencv\sources\modules\imgproc\src\deriv.cpp">
      <Filter>Src</Filter>
    </ClCompile>
    <ClCompile Include="D:\My_file\opencv4.1\opencv\sources\modules\imgproc\src\distransform.cpp">
      <Filter>Src</Filter>
    </ClCompile>
    <ClCompile Include="D:\My_file\opencv4.1\opencv\sources\modules\imgproc\src\drawing.cpp">
      <Filter>Src</Filter>
    </ClCompile>
    <ClCompile Include="D:\My_file\opencv4.1\opencv\sources\modules\imgproc\src\emd.cpp">
      <Filter>Src</Filter>
    </ClCompile>
    <ClCompile Include="D:\My_file\opencv4.1\opencv\sources\modules\imgproc\src\featureselect.cpp">
      <Filter>Src</Filter>
    </ClCompile>
    <ClCompile Include="D:\My_file\opencv4.1\opencv\sources\modules\imgproc\src\filter.dispatch.cpp">
      <Filter>Src</Filter>
    </ClCompile>
    <ClCompile Include="D:\My_file\opencv4.1\opencv\sources\modules\imgproc\src\floodfill.cpp">
      <Filter>Src</Filter>
    </ClCompile>
    <ClCompile Include="D:\My_file\opencv4.1\opencv\sources\modules\imgproc\src\gabor.cpp">
      <Filter>Src</Filter>
    </ClCompile>
    <ClCompile Include="D:\My_file\opencv4.1\opencv\sources\modules\imgproc\src\generalized_hough.cpp">
      <Filter>Src</Filter>
    </ClCompile>
    <ClCompile Include="D:\My_file\opencv4.1\opencv\sources\modules\imgproc\src\geometry.cpp">
      <Filter>Src</Filter>
    </ClCompile>
    <ClCompile Include="D:\My_file\opencv4.1\opencv\sources\modules\imgproc\src\grabcut.cpp">
      <Filter>Src</Filter>
    </ClCompile>
    <ClCompile Include="D:\My_file\opencv4.1\opencv\sources\modules\imgproc\src\hershey_fonts.cpp">
      <Filter>Src</Filter>
    </ClCompile>
    <ClCompile Include="D:\My_file\opencv4.1\opencv\sources\modules\imgproc\src\histogram.cpp">
      <Filter>Src</Filter>
    </ClCompile>
    <ClCompile Include="D:\My_file\opencv4.1\opencv\sources\modules\imgproc\src\hough.cpp">
      <Filter>Src</Filter>
    </ClCompile>
    <ClCompile Include="D:\My_file\opencv4.1\opencv\sources\modules\imgproc\src\imgwarp.cpp">
      <Filter>Src</Filter>
    </ClCompile>
    <ClCompile Include="D:\My_file\opencv4.1\opencv\sources\modules\imgproc\src\intersection.cpp">
      <Filter>Src</Filter>
    </ClCompile>
    <ClCompile Include="D:\My_file\opencv4.1\opencv\sources\modules\imgproc\src\linefit.cpp">
      <Filter>Src</Filter>
    </ClCompile>
    <ClCompile Include="D:\My_file\opencv4.1\opencv\sources\modules\imgproc\src\lsd.cpp">
      <Filter>Src</Filter>
    </ClCompile>
    <ClCompile Include="D:\My_file\opencv4.1\opencv\sources\modules\imgproc\src\main.cpp">
      <Filter>Src</Filter>
    </ClCompile>
    <ClCompile Include="D:\My_file\opencv4.1\opencv\sources\modules\imgproc\src\matchcontours.cpp">
      <Filter>Src</Filter>
    </ClCompile>
    <ClCompile Include="D:\My_file\opencv4.1\opencv\sources\modules\imgproc\src\median_blur.dispatch.cpp">
      <Filter>Src</Filter>
    </ClCompile>
    <ClCompile Include="D:\My_file\opencv4.1\opencv\sources\modules\imgproc\src\min_enclosing_triangle.cpp">
      <Filter>Src</Filter>
    </ClCompile>
    <ClCompile Include="D:\My_file\opencv4.1\opencv\sources\modules\imgproc\src\moments.cpp">
      <Filter>Src</Filter>
    </ClCompile>
    <ClCompile Include="D:\My_file\opencv4.1\opencv\sources\modules\imgproc\src\morph.dispatch.cpp">
      <Filter>Src</Filter>
    </ClCompile>
    <ClCompile Include="D:\My_file\opencv4.1\opencv\sources\modules\imgproc\src\phasecorr.cpp">
      <Filter>Src</Filter>
    </ClCompile>
    <ClCompile Include="D:\My_file\opencv4.1\opencv\sources\modules\imgproc\src\pyramids.cpp">
      <Filter>Src</Filter>
    </ClCompile>
    <ClCompile Include="D:\My_file\opencv4.1\opencv\sources\modules\imgproc\src\resize.cpp">
      <Filter>Src</Filter>
    </ClCompile>
    <ClCompile Include="D:\My_file\opencv4.1\opencv\sources\modules\imgproc\src\rotcalipers.cpp">
      <Filter>Src</Filter>
    </ClCompile>
    <ClCompile Include="D:\My_file\opencv4.1\opencv\sources\modules\imgproc\src\samplers.cpp">
      <Filter>Src</Filter>
    </ClCompile>
    <ClCompile Include="D:\My_file\opencv4.1\opencv\sources\modules\imgproc\src\segmentation.cpp">
      <Filter>Src</Filter>
    </ClCompile>
    <ClCompile Include="D:\My_file\opencv4.1\opencv\sources\modules\imgproc\src\shapedescr.cpp">
      <Filter>Src</Filter>
    </ClCompile>
    <ClCompile Include="D:\My_file\opencv4.1\opencv\sources\modules\imgproc\src\smooth.dispatch.cpp">
      <Filter>Src</Filter>
    </ClCompile>
    <ClCompile Include="D:\My_file\opencv4.1\opencv\sources\modules\imgproc\src\spatialgradient.cpp">
      <Filter>Src</Filter>
    </ClCompile>
    <ClCompile Include="D:\My_file\opencv4.1\opencv\sources\modules\imgproc\src\subdivision2d.cpp">
      <Filter>Src</Filter>
    </ClCompile>
    <ClCompile Include="D:\My_file\opencv4.1\opencv\sources\modules\imgproc\src\sumpixels.cpp">
      <Filter>Src</Filter>
    </ClCompile>
    <ClCompile Include="D:\My_file\opencv4.1\opencv\sources\modules\imgproc\src\tables.cpp">
      <Filter>Src</Filter>
    </ClCompile>
    <ClCompile Include="D:\My_file\opencv4.1\opencv\sources\modules\imgproc\src\templmatch.cpp">
      <Filter>Src</Filter>
    </ClCompile>
    <ClCompile Include="D:\My_file\opencv4.1\opencv\sources\modules\imgproc\src\thresh.cpp">
      <Filter>Src</Filter>
    </ClCompile>
    <ClCompile Include="D:\My_file\opencv4.1\opencv\sources\modules\imgproc\src\utils.cpp">
      <Filter>Src</Filter>
    </ClCompile>
    <ClCompile Include="D:\My_file\opencv4.1\opencv-bulild\modules\imgproc\opencl_kernels_imgproc.cpp">
      <Filter>Src\opencl\kernels\autogenerated</Filter>
    </ClCompile>
    <ClCompile Include="D:\My_file\opencv4.1\opencv-bulild\modules\imgproc\opencv_imgproc_pch.cpp">
      <Filter>Src</Filter>
    </ClCompile>
    <ClCompile Include="D:\My_file\opencv4.1\opencv-bulild\modules\imgproc\opencv_imgproc_main.cpp">
      <Filter>Source Files</Filter>
    </ClCompile>
  </ItemGroup>
  <ItemGroup>
    <ClInclude Include="D:\My_file\opencv4.1\opencv\sources\modules\imgproc\include\opencv2\imgproc.hpp">
      <Filter>Include\opencv2</Filter>
    </ClInclude>
    <ClInclude Include="D:\My_file\opencv4.1\opencv\sources\modules\imgproc\include\opencv2\imgproc\hal\hal.hpp">
      <Filter>Include\opencv2\imgproc\hal</Filter>
    </ClInclude>
    <ClInclude Include="D:\My_file\opencv4.1\opencv\sources\modules\imgproc\include\opencv2\imgproc\hal\interface.h">
      <Filter>Include\opencv2\imgproc\hal</Filter>
    </ClInclude>
    <ClInclude Include="D:\My_file\opencv4.1\opencv\sources\modules\imgproc\include\opencv2\imgproc\imgproc.hpp">
      <Filter>Include\opencv2\imgproc</Filter>
    </ClInclude>
    <ClInclude Include="D:\My_file\opencv4.1\opencv\sources\modules\imgproc\include\opencv2\imgproc\imgproc_c.h">
      <Filter>Include\opencv2\imgproc</Filter>
    </ClInclude>
    <ClInclude Include="D:\My_file\opencv4.1\opencv\sources\modules\imgproc\include\opencv2\imgproc\types_c.h">
      <Filter>Include\opencv2\imgproc</Filter>
    </ClInclude>
    <ClInclude Include="D:\My_file\opencv4.1\opencv\sources\modules\imgproc\include\opencv2\imgproc\detail\gcgraph.hpp">
      <Filter>Include\opencv2\imgproc\detail</Filter>
    </ClInclude>
    <ClInclude Include="D:\My_file\opencv4.1\opencv-bulild\modules\imgproc\opencl_kernels_imgproc.hpp">
      <Filter>Src\opencl\kernels\autogenerated</Filter>
    </ClInclude>
    <ClInclude Include="D:\My_file\opencv4.1\opencv\sources\modules\imgproc\src\_geom.h">
      <Filter>Src</Filter>
    </ClInclude>
    <ClInclude Include="D:\My_file\opencv4.1\opencv\sources\modules\imgproc\src\accum.simd.hpp">
      <Filter>Src</Filter>
    </ClInclude>
    <ClInclude Include="D:\My_file\opencv4.1\opencv\sources\modules\imgproc\src\bilateral_filter.simd.hpp">
      <Filter>Src</Filter>
    </ClInclude>
    <ClInclude Include="D:\My_file\opencv4.1\opencv\sources\modules\imgproc\src\box_filter.simd.hpp">
      <Filter>Src</Filter>
    </ClInclude>
    <ClInclude Include="D:\My_file\opencv4.1\opencv\sources\modules\imgproc\src\color.hpp">
      <Filter>Src</Filter>
    </ClInclude>
    <ClInclude Include="D:\My_file\opencv4.1\opencv\sources\modules\imgproc\src\color.simd_helpers.hpp">
      <Filter>Src</Filter>
    </ClInclude>
    <ClInclude Include="D:\My_file\opencv4.1\opencv\sources\modules\imgproc\src\color_hsv.simd.hpp">
      <Filter>Src</Filter>
    </ClInclude>
    <ClInclude Include="D:\My_file\opencv4.1\opencv\sources\modules\imgproc\src\color_rgb.simd.hpp">
      <Filter>Src</Filter>
    </ClInclude>
    <ClInclude Include="D:\My_file\opencv4.1\opencv\sources\modules\imgproc\src\color_yuv.simd.hpp">
      <Filter>Src</Filter>
    </ClInclude>
    <ClInclude Include="D:\My_file\opencv4.1\opencv\sources\modules\imgproc\src\corner.hpp">
      <Filter>Src</Filter>
    </ClInclude>
    <ClInclude Include="D:\My_file\opencv4.1\opencv\sources\modules\imgproc\src\filter.hpp">
      <Filter>Src</Filter>
    </ClInclude>
    <ClInclude Include="D:\My_file\opencv4.1\opencv\sources\modules\imgproc\src\filter.simd.hpp">
      <Filter>Src</Filter>
    </ClInclude>
    <ClInclude Include="D:\My_file\opencv4.1\opencv\sources\modules\imgproc\src\filterengine.hpp">
      <Filter>Src</Filter>
    </ClInclude>
    <ClInclude Include="D:\My_file\opencv4.1\opencv\sources\modules\imgproc\src\fixedpoint.inl.hpp">
      <Filter>Src</Filter>
    </ClInclude>
    <ClInclude Include="D:\My_file\opencv4.1\opencv\sources\modules\imgproc\src\hal_replacement.hpp">
      <Filter>Src</Filter>
    </ClInclude>
    <ClInclude Include="D:\My_file\opencv4.1\opencv\sources\modules\imgproc\src\imgwarp.hpp">
      <Filter>Src</Filter>
    </ClInclude>
    <ClInclude Include="D:\My_file\opencv4.1\opencv\sources\modules\imgproc\src\median_blur.simd.hpp">
      <Filter>Src</Filter>
    </ClInclude>
    <ClInclude Include="D:\My_file\opencv4.1\opencv\sources\modules\imgproc\src\morph.simd.hpp">
      <Filter>Src</Filter>
    </ClInclude>
    <ClInclude Include="D:\My_file\opencv4.1\opencv\sources\modules\imgproc\src\precomp.hpp">
      <Filter>Src</Filter>
    </ClInclude>
    <ClInclude Include="D:\My_file\opencv4.1\opencv\sources\modules\imgproc\src\resize.hpp">
      <Filter>Src</Filter>
    </ClInclude>
    <ClInclude Include="D:\My_file\opencv4.1\opencv\sources\modules\imgproc\src\smooth.simd.hpp">
      <Filter>Src</Filter>
    </ClInclude>
    <ClInclude Include="D:\My_file\opencv4.1\opencv\sources\modules\imgproc\src\sumpixels.hpp">
      <Filter>Src</Filter>
    </ClInclude>
    <ClInclude Include="D:\My_file\opencv4.1\opencv-bulild\cvconfig.h">
      <Filter>Include</Filter>
    </ClInclude>
    <ClInclude Include="D:\My_file\opencv4.1\opencv-bulild\opencv2\opencv_modules.hpp">
      <Filter>Include</Filter>
    </ClInclude>
  </ItemGroup>
  <ItemGroup>
    <CustomBuild Include="D:\My_file\opencv4.1\opencv-bulild\CMakeFiles\b0cfc8ecd34f84bc2d97c1b67c3cb865\opencl_kernels_imgproc.cpp.rule">
      <Filter>CMake Rules</Filter>
    </CustomBuild>
    <CustomBuild Include="D:\My_file\opencv4.1\opencv\sources\modules\imgproc\CMakeLists.txt" />
  </ItemGroup>
  <ItemGroup>
    <None Include="D:\My_file\opencv4.1\opencv\sources\modules\imgproc\src\opencl\accumulate.cl">
      <Filter>Src\opencl\kernels</Filter>
    </None>
    <None Include="D:\My_file\opencv4.1\opencv\sources\modules\imgproc\src\opencl\bilateral.cl">
      <Filter>Src\opencl\kernels</Filter>
    </None>
    <None Include="D:\My_file\opencv4.1\opencv\sources\modules\imgproc\src\opencl\blend_linear.cl">
      <Filter>Src\opencl\kernels</Filter>
    </None>
    <None Include="D:\My_file\opencv4.1\opencv\sources\modules\imgproc\src\opencl\boxFilter.cl">
      <Filter>Src\opencl\kernels</Filter>
    </None>
    <None Include="D:\My_file\opencv4.1\opencv\sources\modules\imgproc\src\opencl\boxFilter3x3.cl">
      <Filter>Src\opencl\kernels</Filter>
    </None>
    <None Include="D:\My_file\opencv4.1\opencv\sources\modules\imgproc\src\opencl\calc_back_project.cl">
      <Filter>Src\opencl\kernels</Filter>
    </None>
    <None Include="D:\My_file\opencv4.1\opencv\sources\modules\imgproc\src\opencl\canny.cl">
      <Filter>Src\opencl\kernels</Filter>
    </None>
    <None Include="D:\My_file\opencv4.1\opencv\sources\modules\imgproc\src\opencl\clahe.cl">
      <Filter>Src\opencl\kernels</Filter>
    </None>
    <None Include="D:\My_file\opencv4.1\opencv\sources\modules\imgproc\src\opencl\color_hsv.cl">
      <Filter>Src\opencl\kernels</Filter>
    </None>
    <None Include="D:\My_file\opencv4.1\opencv\sources\modules\imgproc\src\opencl\color_lab.cl">
      <Filter>Src\opencl\kernels</Filter>
    </None>
    <None Include="D:\My_file\opencv4.1\opencv\sources\modules\imgproc\src\opencl\color_rgb.cl">
      <Filter>Src\opencl\kernels</Filter>
    </None>
    <None Include="D:\My_file\opencv4.1\opencv\sources\modules\imgproc\src\opencl\color_yuv.cl">
      <Filter>Src\opencl\kernels</Filter>
    </None>
    <None Include="D:\My_file\opencv4.1\opencv\sources\modules\imgproc\src\opencl\corner.cl">
      <Filter>Src\opencl\kernels</Filter>
    </None>
    <None Include="D:\My_file\opencv4.1\opencv\sources\modules\imgproc\src\opencl\covardata.cl">
      <Filter>Src\opencl\kernels</Filter>
    </None>
    <None Include="D:\My_file\opencv4.1\opencv\sources\modules\imgproc\src\opencl\filter2D.cl">
      <Filter>Src\opencl\kernels</Filter>
    </None>
    <None Include="D:\My_file\opencv4.1\opencv\sources\modules\imgproc\src\opencl\filter2DSmall.cl">
      <Filter>Src\opencl\kernels</Filter>
    </None>
    <None Include="D:\My_file\opencv4.1\opencv\sources\modules\imgproc\src\opencl\filterSepCol.cl">
      <Filter>Src\opencl\kernels</Filter>
    </None>
    <None Include="D:\My_file\opencv4.1\opencv\sources\modules\imgproc\src\opencl\filterSepRow.cl">
      <Filter>Src\opencl\kernels</Filter>
    </None>
    <None Include="D:\My_file\opencv4.1\opencv\sources\modules\imgproc\src\opencl\filterSep_singlePass.cl">
      <Filter>Src\opencl\kernels</Filter>
    </None>
    <None Include="D:\My_file\opencv4.1\opencv\sources\modules\imgproc\src\opencl\filterSmall.cl">
      <Filter>Src\opencl\kernels</Filter>
    </None>
    <None Include="D:\My_file\opencv4.1\opencv\sources\modules\imgproc\src\opencl\gaussianBlur3x3.cl">
      <Filter>Src\opencl\kernels</Filter>
    </None>
    <None Include="D:\My_file\opencv4.1\opencv\sources\modules\imgproc\src\opencl\gaussianBlur5x5.cl">
      <Filter>Src\opencl\kernels</Filter>
    </None>
    <None Include="D:\My_file\opencv4.1\opencv\sources\modules\imgproc\src\opencl\gftt.cl">
      <Filter>Src\opencl\kernels</Filter>
    </None>
    <None Include="D:\My_file\opencv4.1\opencv\sources\modules\imgproc\src\opencl\histogram.cl">
      <Filter>Src\opencl\kernels</Filter>
    </None>
    <None Include="D:\My_file\opencv4.1\opencv\sources\modules\imgproc\src\opencl\hough_lines.cl">
      <Filter>Src\opencl\kernels</Filter>
    </None>
    <None Include="D:\My_file\opencv4.1\opencv\sources\modules\imgproc\src\opencl\integral_sum.cl">
      <Filter>Src\opencl\kernels</Filter>
    </None>
    <None Include="D:\My_file\opencv4.1\opencv\sources\modules\imgproc\src\opencl\laplacian3.cl">
      <Filter>Src\opencl\kernels</Filter>
    </None>
    <None Include="D:\My_file\opencv4.1\opencv\sources\modules\imgproc\src\opencl\laplacian5.cl">
      <Filter>Src\opencl\kernels</Filter>
    </None>
    <None Include="D:\My_file\opencv4.1\opencv\sources\modules\imgproc\src\opencl\linearPolar.cl">
      <Filter>Src\opencl\kernels</Filter>
    </None>
    <None Include="D:\My_file\opencv4.1\opencv\sources\modules\imgproc\src\opencl\logPolar.cl">
      <Filter>Src\opencl\kernels</Filter>
    </None>
    <None Include="D:\My_file\opencv4.1\opencv\sources\modules\imgproc\src\opencl\match_template.cl">
      <Filter>Src\opencl\kernels</Filter>
    </None>
    <None Include="D:\My_file\opencv4.1\opencv\sources\modules\imgproc\src\opencl\medianFilter.cl">
      <Filter>Src\opencl\kernels</Filter>
    </None>
    <None Include="D:\My_file\opencv4.1\opencv\sources\modules\imgproc\src\opencl\moments.cl">
      <Filter>Src\opencl\kernels</Filter>
    </None>
    <None Include="D:\My_file\opencv4.1\opencv\sources\modules\imgproc\src\opencl\morph.cl">
      <Filter>Src\opencl\kernels</Filter>
    </None>
    <None Include="D:\My_file\opencv4.1\opencv\sources\modules\imgproc\src\opencl\morph3x3.cl">
      <Filter>Src\opencl\kernels</Filter>
    </None>
    <None Include="D:\My_file\opencv4.1\opencv\sources\modules\imgproc\src\opencl\precornerdetect.cl">
      <Filter>Src\opencl\kernels</Filter>
    </None>
    <None Include="D:\My_file\opencv4.1\opencv\sources\modules\imgproc\src\opencl\pyr_down.cl">
      <Filter>Src\opencl\kernels</Filter>
    </None>
    <None Include="D:\My_file\opencv4.1\opencv\sources\modules\imgproc\src\opencl\pyr_up.cl">
      <Filter>Src\opencl\kernels</Filter>
    </None>
    <None Include="D:\My_file\opencv4.1\opencv\sources\modules\imgproc\src\opencl\pyramid_up.cl">
      <Filter>Src\opencl\kernels</Filter>
    </None>
    <None Include="D:\My_file\opencv4.1\opencv\sources\modules\imgproc\src\opencl\remap.cl">
      <Filter>Src\opencl\kernels</Filter>
    </None>
    <None Include="D:\My_file\opencv4.1\opencv\sources\modules\imgproc\src\opencl\resize.cl">
      <Filter>Src\opencl\kernels</Filter>
    </None>
    <None Include="D:\My_file\opencv4.1\opencv\sources\modules\imgproc\src\opencl\sepFilter3x3.cl">
      <Filter>Src\opencl\kernels</Filter>
    </None>
    <None Include="D:\My_file\opencv4.1\opencv\sources\modules\imgproc\src\opencl\threshold.cl">
      <Filter>Src\opencl\kernels</Filter>
    </None>
    <None Include="D:\My_file\opencv4.1\opencv\sources\modules\imgproc\src\opencl\warp_affine.cl">
      <Filter>Src\opencl\kernels</Filter>
    </None>
    <None Include="D:\My_file\opencv4.1\opencv\sources\modules\imgproc\src\opencl\warp_perspective.cl">
      <Filter>Src\opencl\kernels</Filter>
    </None>
    <None Include="D:\My_file\opencv4.1\opencv\sources\modules\imgproc\src\opencl\warp_transform.cl">
      <Filter>Src\opencl\kernels</Filter>
    </None>
  </ItemGroup>
  <ItemGroup>
    <Object Include="D:\My_file\opencv4.1\opencv-bulild\modules\imgproc\opencv_imgproc_SSE4_1.dir\$(Configuration)\imgwarp.sse4_1.obj">
      <Filter>Object Libraries</Filter>
    </Object>
    <Object Include="D:\My_file\opencv4.1\opencv-bulild\modules\imgproc\opencv_imgproc_SSE4_1.dir\$(Configuration)\resize.sse4_1.obj">
      <Filter>Object Libraries</Filter>
    </Object>
    <Object Include="D:\My_file\opencv4.1\opencv-bulild\modules\imgproc\opencv_imgproc_SSE4_1.dir\$(Configuration)\accum.sse4_1.obj">
      <Filter>Object Libraries</Filter>
    </Object>
    <Object Include="D:\My_file\opencv4.1\opencv-bulild\modules\imgproc\opencv_imgproc_SSE4_1.dir\$(Configuration)\box_filter.sse4_1.obj">
      <Filter>Object Libraries</Filter>
    </Object>
    <Object Include="D:\My_file\opencv4.1\opencv-bulild\modules\imgproc\opencv_imgproc_SSE4_1.dir\$(Configuration)\filter.sse4_1.obj">
      <Filter>Object Libraries</Filter>
    </Object>
    <Object Include="D:\My_file\opencv4.1\opencv-bulild\modules\imgproc\opencv_imgproc_SSE4_1.dir\$(Configuration)\color_hsv.sse4_1.obj">
      <Filter>Object Libraries</Filter>
    </Object>
    <Object Include="D:\My_file\opencv4.1\opencv-bulild\modules\imgproc\opencv_imgproc_SSE4_1.dir\$(Configuration)\color_rgb.sse4_1.obj">
      <Filter>Object Libraries</Filter>
    </Object>
    <Object Include="D:\My_file\opencv4.1\opencv-bulild\modules\imgproc\opencv_imgproc_SSE4_1.dir\$(Configuration)\color_yuv.sse4_1.obj">
      <Filter>Object Libraries</Filter>
    </Object>
    <Object Include="D:\My_file\opencv4.1\opencv-bulild\modules\imgproc\opencv_imgproc_SSE4_1.dir\$(Configuration)\median_blur.sse4_1.obj">
      <Filter>Object Libraries</Filter>
    </Object>
    <Object Include="D:\My_file\opencv4.1\opencv-bulild\modules\imgproc\opencv_imgproc_SSE4_1.dir\$(Configuration)\morph.sse4_1.obj">
      <Filter>Object Libraries</Filter>
    </Object>
    <Object Include="D:\My_file\opencv4.1\opencv-bulild\modules\imgproc\opencv_imgproc_SSE4_1.dir\$(Configuration)\smooth.sse4_1.obj">
      <Filter>Object Libraries</Filter>
    </Object>
    <Object Include="D:\My_file\opencv4.1\opencv-bulild\modules\imgproc\opencv_imgproc_AVX.dir\$(Configuration)\corner.avx.obj">
      <Filter>Object Libraries</Filter>
    </Object>
    <Object Include="D:\My_file\opencv4.1\opencv-bulild\modules\imgproc\opencv_imgproc_AVX.dir\$(Configuration)\accum.avx.obj">
      <Filter>Object Libraries</Filter>
    </Object>
  </ItemGroup>
  <ItemGroup>
    <ResourceCompile Include="D:\My_file\opencv4.1\opencv-bulild\modules\imgproc\vs_version.rc">
      <Filter>Src</Filter>
    </ResourceCompile>
  </ItemGroup>
  <ItemGroup>
    <Filter Include="CMake Rules">
      <UniqueIdentifier>{608D5983-D0B2-3DB4-B2E3-9049DAF62CB0}</UniqueIdentifier>
    </Filter>
    <Filter Include="Include">
      <UniqueIdentifier>{F05F0D06-2DC5-3D75-B987-448915EDDB80}</UniqueIdentifier>
    </Filter>
    <Filter Include="Include\opencv2">
      <UniqueIdentifier>{766F4EAB-37E9-3242-ACF8-9F35D303A390}</UniqueIdentifier>
    </Filter>
    <Filter Include="Include\opencv2\imgproc">
      <UniqueIdentifier>{175DA50D-86F8-33F5-B52B-4F9DC7CCE9FF}</UniqueIdentifier>
    </Filter>
    <Filter Include="Include\opencv2\imgproc\detail">
      <UniqueIdentifier>{DCBB182B-693F-37C5-A505-636655630C1B}</UniqueIdentifier>
    </Filter>
    <Filter Include="Include\opencv2\imgproc\hal">
      <UniqueIdentifier>{E9A71FFA-E5B5-35B4-8373-8849402AC94F}</UniqueIdentifier>
    </Filter>
    <Filter Include="Object Libraries">
      <UniqueIdentifier>{08266CEB-8DC5-3157-9F8C-2E67D0F843AB}</UniqueIdentifier>
    </Filter>
    <Filter Include="Source Files">
      <UniqueIdentifier>{8E90F656-D8AC-305A-B235-8AB2E6E22006}</UniqueIdentifier>
    </Filter>
    <Filter Include="Src">
      <UniqueIdentifier>{17A87201-C451-369D-A32B-C00D68873E1A}</UniqueIdentifier>
    </Filter>
    <Filter Include="Src\opencl">
      <UniqueIdentifier>{88090175-C1EB-31F5-BB67-A770C6483317}</UniqueIdentifier>
    </Filter>
    <Filter Include="Src\opencl\kernels">
      <UniqueIdentifier>{48E29CDE-E7EC-3B6E-8EA9-65A20E25ADE3}</UniqueIdentifier>
    </Filter>
    <Filter Include="Src\opencl\kernels\autogenerated">
      <UniqueIdentifier>{33F37EC3-C884-3B97-A6C9-0B0554303CBE}</UniqueIdentifier>
    </Filter>
  </ItemGroup>
</Project>
