<?xml version="1.0" encoding="utf-8"?>
<Project ToolsVersion="15.0" xmlns="http://schemas.microsoft.com/developer/msbuild/2003">
  <ItemGroup>
    <ClCompile Include="D:\My_file\opencv_contrib\modules\saliency\src\BING\CmFile.cpp">
      <Filter>Src\BING</Filter>
    </ClCompile>
    <ClCompile Include="D:\My_file\opencv_contrib\modules\saliency\src\BING\CmShow.cpp">
      <Filter>Src\BING</Filter>
    </ClCompile>
    <ClCompile Include="D:\My_file\opencv_contrib\modules\saliency\src\BING\FilterTIG.cpp">
      <Filter>Src\BING</Filter>
    </ClCompile>
    <ClCompile Include="D:\My_file\opencv_contrib\modules\saliency\src\BING\ValStructVec.cpp">
      <Filter>Src\BING</Filter>
    </ClCompile>
    <ClCompile Include="D:\My_file\opencv_contrib\modules\saliency\src\BING\objectnessBING.cpp">
      <Filter>Src\BING</Filter>
    </ClCompile>
    <ClCompile Include="D:\My_file\opencv_contrib\modules\saliency\src\motionSaliency.cpp">
      <Filter>Src</Filter>
    </ClCompile>
    <ClCompile Include="D:\My_file\opencv_contrib\modules\saliency\src\motionSaliencyBinWangApr2014.cpp">
      <Filter>Src</Filter>
    </ClCompile>
    <ClCompile Include="D:\My_file\opencv_contrib\modules\saliency\src\objectness.cpp">
      <Filter>Src</Filter>
    </ClCompile>
    <ClCompile Include="D:\My_file\opencv_contrib\modules\saliency\src\saliency.cpp">
      <Filter>Src</Filter>
    </ClCompile>
    <ClCompile Include="D:\My_file\opencv_contrib\modules\saliency\src\staticSaliency.cpp">
      <Filter>Src</Filter>
    </ClCompile>
    <ClCompile Include="D:\My_file\opencv_contrib\modules\saliency\src\staticSaliencyFineGrained.cpp">
      <Filter>Src</Filter>
    </ClCompile>
    <ClCompile Include="D:\My_file\opencv_contrib\modules\saliency\src\staticSaliencySpectralResidual.cpp">
      <Filter>Src</Filter>
    </ClCompile>
    <ClCompile Include="D:\My_file\opencv4.1\opencv-bulild\modules\saliency\opencv_saliency_pch.cpp">
      <Filter>Src</Filter>
    </ClCompile>
    <ClCompile Include="D:\My_file\opencv4.1\opencv-bulild\modules\saliency\opencv_saliency_main.cpp">
      <Filter>Source Files</Filter>
    </ClCompile>
  </ItemGroup>
  <ItemGroup>
    <ClInclude Include="D:\My_file\opencv_contrib\modules\saliency\include\opencv2\saliency.hpp">
      <Filter>Include\opencv2</Filter>
    </ClInclude>
    <ClInclude Include="D:\My_file\opencv_contrib\modules\saliency\include\opencv2\saliency\saliencyBaseClasses.hpp">
      <Filter>Include\opencv2\saliency</Filter>
    </ClInclude>
    <ClInclude Include="D:\My_file\opencv_contrib\modules\saliency\include\opencv2\saliency\saliencySpecializedClasses.hpp">
      <Filter>Include\opencv2\saliency</Filter>
    </ClInclude>
    <ClInclude Include="D:\My_file\opencv_contrib\modules\saliency\src\BING\CmFile.hpp">
      <Filter>Src\BING</Filter>
    </ClInclude>
    <ClInclude Include="D:\My_file\opencv_contrib\modules\saliency\src\BING\CmShow.hpp">
      <Filter>Src\BING</Filter>
    </ClInclude>
    <ClInclude Include="D:\My_file\opencv_contrib\modules\saliency\src\BING\CmTimer.hpp">
      <Filter>Src\BING</Filter>
    </ClInclude>
    <ClInclude Include="D:\My_file\opencv_contrib\modules\saliency\src\BING\kyheader.hpp">
      <Filter>Src\BING</Filter>
    </ClInclude>
    <ClInclude Include="D:\My_file\opencv_contrib\modules\saliency\src\precomp.hpp">
      <Filter>Src</Filter>
    </ClInclude>
    <ClInclude Include="D:\My_file\opencv4.1\opencv-bulild\cvconfig.h">
      <Filter>Include</Filter>
    </ClInclude>
    <ClInclude Include="D:\My_file\opencv4.1\opencv-bulild\opencv2\opencv_modules.hpp">
      <Filter>Include</Filter>
    </ClInclude>
  </ItemGroup>
  <ItemGroup>
    <CustomBuild Include="D:\My_file\opencv_contrib\modules\saliency\CMakeLists.txt" />
  </ItemGroup>
  <ItemGroup>
    <ResourceCompile Include="D:\My_file\opencv4.1\opencv-bulild\modules\saliency\vs_version.rc">
      <Filter>Src</Filter>
    </ResourceCompile>
  </ItemGroup>
  <ItemGroup>
    <Filter Include="Include">
      <UniqueIdentifier>{F05F0D06-2DC5-3D75-B987-448915EDDB80}</UniqueIdentifier>
    </Filter>
    <Filter Include="Include\opencv2">
      <UniqueIdentifier>{766F4EAB-37E9-3242-ACF8-9F35D303A390}</UniqueIdentifier>
    </Filter>
    <Filter Include="Include\opencv2\saliency">
      <UniqueIdentifier>{F2E43BE1-997D-360B-9D39-E63BDA5562C6}</UniqueIdentifier>
    </Filter>
    <Filter Include="Source Files">
      <UniqueIdentifier>{8E90F656-D8AC-305A-B235-8AB2E6E22006}</UniqueIdentifier>
    </Filter>
    <Filter Include="Src">
      <UniqueIdentifier>{17A87201-C451-369D-A32B-C00D68873E1A}</UniqueIdentifier>
    </Filter>
    <Filter Include="Src\BING">
      <UniqueIdentifier>{55BDC85A-7701-38DC-A570-BDAA7B30FC4F}</UniqueIdentifier>
    </Filter>
  </ItemGroup>
</Project>
