<?xml version="1.0" encoding="utf-8"?>
<Project ToolsVersion="15.0" xmlns="http://schemas.microsoft.com/developer/msbuild/2003">
  <ItemGroup>
    <ClCompile Include="D:\My_file\opencv4.1\opencv\sources\modules\gapi\src\api\gapi_priv.cpp">
      <Filter>Src</Filter>
    </ClCompile>
    <ClCompile Include="D:\My_file\opencv4.1\opencv\sources\modules\gapi\src\api\gmat.cpp">
      <Filter>Src</Filter>
    </ClCompile>
    <ClCompile Include="D:\My_file\opencv4.1\opencv\sources\modules\gapi\src\api\garray.cpp">
      <Filter>Src</Filter>
    </ClCompile>
    <ClCompile Include="D:\My_file\opencv4.1\opencv\sources\modules\gapi\src\api\gscalar.cpp">
      <Filter>Src</Filter>
    </ClCompile>
    <ClCompile Include="D:\My_file\opencv4.1\opencv\sources\modules\gapi\src\api\gkernel.cpp">
      <Filter>Src</Filter>
    </ClCompile>
    <ClCompile Include="D:\My_file\opencv4.1\opencv\sources\modules\gapi\src\api\gbackend.cpp">
      <Filter>Src</Filter>
    </ClCompile>
    <ClCompile Include="D:\My_file\opencv4.1\opencv\sources\modules\gapi\src\api\gproto.cpp">
      <Filter>Src</Filter>
    </ClCompile>
    <ClCompile Include="D:\My_file\opencv4.1\opencv\sources\modules\gapi\src\api\gnode.cpp">
      <Filter>Src</Filter>
    </ClCompile>
    <ClCompile Include="D:\My_file\opencv4.1\opencv\sources\modules\gapi\src\api\gcall.cpp">
      <Filter>Src</Filter>
    </ClCompile>
    <ClCompile Include="D:\My_file\opencv4.1\opencv\sources\modules\gapi\src\api\gcomputation.cpp">
      <Filter>Src</Filter>
    </ClCompile>
    <ClCompile Include="D:\My_file\opencv4.1\opencv\sources\modules\gapi\src\api\operators.cpp">
      <Filter>Src</Filter>
    </ClCompile>
    <ClCompile Include="D:\My_file\opencv4.1\opencv\sources\modules\gapi\src\api\kernels_core.cpp">
      <Filter>Src</Filter>
    </ClCompile>
    <ClCompile Include="D:\My_file\opencv4.1\opencv\sources\modules\gapi\src\api\kernels_imgproc.cpp">
      <Filter>Src</Filter>
    </ClCompile>
    <ClCompile Include="D:\My_file\opencv4.1\opencv\sources\modules\gapi\src\compiler\gmodel.cpp">
      <Filter>Src</Filter>
    </ClCompile>
    <ClCompile Include="D:\My_file\opencv4.1\opencv\sources\modules\gapi\src\compiler\gmodelbuilder.cpp">
      <Filter>Src</Filter>
    </ClCompile>
    <ClCompile Include="D:\My_file\opencv4.1\opencv\sources\modules\gapi\src\compiler\gislandmodel.cpp">
      <Filter>Src</Filter>
    </ClCompile>
    <ClCompile Include="D:\My_file\opencv4.1\opencv\sources\modules\gapi\src\compiler\gcompiler.cpp">
      <Filter>Src</Filter>
    </ClCompile>
    <ClCompile Include="D:\My_file\opencv4.1\opencv\sources\modules\gapi\src\compiler\gcompiled.cpp">
      <Filter>Src</Filter>
    </ClCompile>
    <ClCompile Include="D:\My_file\opencv4.1\opencv\sources\modules\gapi\src\compiler\passes\helpers.cpp">
      <Filter>Src</Filter>
    </ClCompile>
    <ClCompile Include="D:\My_file\opencv4.1\opencv\sources\modules\gapi\src\compiler\passes\dump_dot.cpp">
      <Filter>Src</Filter>
    </ClCompile>
    <ClCompile Include="D:\My_file\opencv4.1\opencv\sources\modules\gapi\src\compiler\passes\islands.cpp">
      <Filter>Src</Filter>
    </ClCompile>
    <ClCompile Include="D:\My_file\opencv4.1\opencv\sources\modules\gapi\src\compiler\passes\meta.cpp">
      <Filter>Src</Filter>
    </ClCompile>
    <ClCompile Include="D:\My_file\opencv4.1\opencv\sources\modules\gapi\src\compiler\passes\kernels.cpp">
      <Filter>Src</Filter>
    </ClCompile>
    <ClCompile Include="D:\My_file\opencv4.1\opencv\sources\modules\gapi\src\compiler\passes\exec.cpp">
      <Filter>Src</Filter>
    </ClCompile>
    <ClCompile Include="D:\My_file\opencv4.1\opencv\sources\modules\gapi\src\executor\gexecutor.cpp">
      <Filter>Src</Filter>
    </ClCompile>
    <ClCompile Include="D:\My_file\opencv4.1\opencv\sources\modules\gapi\src\backends\cpu\gcpubackend.cpp">
      <Filter>Src</Filter>
    </ClCompile>
    <ClCompile Include="D:\My_file\opencv4.1\opencv\sources\modules\gapi\src\backends\cpu\gcpukernel.cpp">
      <Filter>Src</Filter>
    </ClCompile>
    <ClCompile Include="D:\My_file\opencv4.1\opencv\sources\modules\gapi\src\backends\cpu\gcpuimgproc.cpp">
      <Filter>Src</Filter>
    </ClCompile>
    <ClCompile Include="D:\My_file\opencv4.1\opencv\sources\modules\gapi\src\backends\cpu\gcpucore.cpp">
      <Filter>Src</Filter>
    </ClCompile>
    <ClCompile Include="D:\My_file\opencv4.1\opencv\sources\modules\gapi\src\backends\fluid\gfluidbuffer.cpp">
      <Filter>Src</Filter>
    </ClCompile>
    <ClCompile Include="D:\My_file\opencv4.1\opencv\sources\modules\gapi\src\backends\fluid\gfluidbackend.cpp">
      <Filter>Src</Filter>
    </ClCompile>
    <ClCompile Include="D:\My_file\opencv4.1\opencv\sources\modules\gapi\src\backends\fluid\gfluidimgproc.cpp">
      <Filter>Src</Filter>
    </ClCompile>
    <ClCompile Include="D:\My_file\opencv4.1\opencv\sources\modules\gapi\src\backends\fluid\gfluidimgproc_func.dispatch.cpp">
      <Filter>Src</Filter>
    </ClCompile>
    <ClCompile Include="D:\My_file\opencv4.1\opencv\sources\modules\gapi\src\backends\fluid\gfluidcore.cpp">
      <Filter>Src</Filter>
    </ClCompile>
    <ClCompile Include="D:\My_file\opencv4.1\opencv\sources\modules\gapi\src\backends\ocl\goclbackend.cpp">
      <Filter>Src</Filter>
    </ClCompile>
    <ClCompile Include="D:\My_file\opencv4.1\opencv\sources\modules\gapi\src\backends\ocl\goclkernel.cpp">
      <Filter>Src</Filter>
    </ClCompile>
    <ClCompile Include="D:\My_file\opencv4.1\opencv\sources\modules\gapi\src\backends\ocl\goclimgproc.cpp">
      <Filter>Src</Filter>
    </ClCompile>
    <ClCompile Include="D:\My_file\opencv4.1\opencv\sources\modules\gapi\src\backends\ocl\goclcore.cpp">
      <Filter>Src</Filter>
    </ClCompile>
    <ClCompile Include="D:\My_file\opencv4.1\opencv\sources\modules\gapi\src\backends\common\gcompoundbackend.cpp">
      <Filter>Src</Filter>
    </ClCompile>
    <ClCompile Include="D:\My_file\opencv4.1\opencv\sources\modules\gapi\src\backends\common\gcompoundkernel.cpp">
      <Filter>Src</Filter>
    </ClCompile>
    <ClCompile Include="D:\My_file\opencv4.1\opencv-bulild\modules\gapi\opencv_gapi_pch.cpp">
      <Filter>Src</Filter>
    </ClCompile>
    <ClCompile Include="D:\My_file\opencv4.1\opencv-bulild\modules\gapi\opencv_gapi_main.cpp">
      <Filter>Source Files</Filter>
    </ClCompile>
  </ItemGroup>
  <ItemGroup>
    <ClInclude Include="D:\My_file\opencv4.1\opencv\sources\modules\gapi\include\opencv2\gapi.hpp">
      <Filter>Include</Filter>
    </ClInclude>
    <ClInclude Include="D:\My_file\opencv4.1\opencv\sources\modules\gapi\include\opencv2\gapi\core.hpp">
      <Filter>Include</Filter>
    </ClInclude>
    <ClInclude Include="D:\My_file\opencv4.1\opencv\sources\modules\gapi\include\opencv2\gapi\cpu\core.hpp">
      <Filter>Include</Filter>
    </ClInclude>
    <ClInclude Include="D:\My_file\opencv4.1\opencv\sources\modules\gapi\include\opencv2\gapi\cpu\gcpukernel.hpp">
      <Filter>Include</Filter>
    </ClInclude>
    <ClInclude Include="D:\My_file\opencv4.1\opencv\sources\modules\gapi\include\opencv2\gapi\cpu\imgproc.hpp">
      <Filter>Include</Filter>
    </ClInclude>
    <ClInclude Include="D:\My_file\opencv4.1\opencv\sources\modules\gapi\include\opencv2\gapi\fluid\core.hpp">
      <Filter>Include</Filter>
    </ClInclude>
    <ClInclude Include="D:\My_file\opencv4.1\opencv\sources\modules\gapi\include\opencv2\gapi\fluid\gfluidbuffer.hpp">
      <Filter>Include</Filter>
    </ClInclude>
    <ClInclude Include="D:\My_file\opencv4.1\opencv\sources\modules\gapi\include\opencv2\gapi\fluid\gfluidkernel.hpp">
      <Filter>Include</Filter>
    </ClInclude>
    <ClInclude Include="D:\My_file\opencv4.1\opencv\sources\modules\gapi\include\opencv2\gapi\fluid\imgproc.hpp">
      <Filter>Include</Filter>
    </ClInclude>
    <ClInclude Include="D:\My_file\opencv4.1\opencv\sources\modules\gapi\include\opencv2\gapi\garg.hpp">
      <Filter>Include</Filter>
    </ClInclude>
    <ClInclude Include="D:\My_file\opencv4.1\opencv\sources\modules\gapi\include\opencv2\gapi\garray.hpp">
      <Filter>Include</Filter>
    </ClInclude>
    <ClInclude Include="D:\My_file\opencv4.1\opencv\sources\modules\gapi\include\opencv2\gapi\gcall.hpp">
      <Filter>Include</Filter>
    </ClInclude>
    <ClInclude Include="D:\My_file\opencv4.1\opencv\sources\modules\gapi\include\opencv2\gapi\gcommon.hpp">
      <Filter>Include</Filter>
    </ClInclude>
    <ClInclude Include="D:\My_file\opencv4.1\opencv\sources\modules\gapi\include\opencv2\gapi\gcompiled.hpp">
      <Filter>Include</Filter>
    </ClInclude>
    <ClInclude Include="D:\My_file\opencv4.1\opencv\sources\modules\gapi\include\opencv2\gapi\gcompoundkernel.hpp">
      <Filter>Include</Filter>
    </ClInclude>
    <ClInclude Include="D:\My_file\opencv4.1\opencv\sources\modules\gapi\include\opencv2\gapi\gcomputation.hpp">
      <Filter>Include</Filter>
    </ClInclude>
    <ClInclude Include="D:\My_file\opencv4.1\opencv\sources\modules\gapi\include\opencv2\gapi\gkernel.hpp">
      <Filter>Include</Filter>
    </ClInclude>
    <ClInclude Include="D:\My_file\opencv4.1\opencv\sources\modules\gapi\include\opencv2\gapi\gmat.hpp">
      <Filter>Include</Filter>
    </ClInclude>
    <ClInclude Include="D:\My_file\opencv4.1\opencv\sources\modules\gapi\include\opencv2\gapi\gmetaarg.hpp">
      <Filter>Include</Filter>
    </ClInclude>
    <ClInclude Include="D:\My_file\opencv4.1\opencv\sources\modules\gapi\include\opencv2\gapi\gproto.hpp">
      <Filter>Include</Filter>
    </ClInclude>
    <ClInclude Include="D:\My_file\opencv4.1\opencv\sources\modules\gapi\include\opencv2\gapi\gpu\core.hpp">
      <Filter>Include</Filter>
    </ClInclude>
    <ClInclude Include="D:\My_file\opencv4.1\opencv\sources\modules\gapi\include\opencv2\gapi\gpu\ggpukernel.hpp">
      <Filter>Include</Filter>
    </ClInclude>
    <ClInclude Include="D:\My_file\opencv4.1\opencv\sources\modules\gapi\include\opencv2\gapi\gpu\imgproc.hpp">
      <Filter>Include</Filter>
    </ClInclude>
    <ClInclude Include="D:\My_file\opencv4.1\opencv\sources\modules\gapi\include\opencv2\gapi\gscalar.hpp">
      <Filter>Include</Filter>
    </ClInclude>
    <ClInclude Include="D:\My_file\opencv4.1\opencv\sources\modules\gapi\include\opencv2\gapi\gtype_traits.hpp">
      <Filter>Include</Filter>
    </ClInclude>
    <ClInclude Include="D:\My_file\opencv4.1\opencv\sources\modules\gapi\include\opencv2\gapi\gtyped.hpp">
      <Filter>Include</Filter>
    </ClInclude>
    <ClInclude Include="D:\My_file\opencv4.1\opencv\sources\modules\gapi\include\opencv2\gapi\imgproc.hpp">
      <Filter>Include</Filter>
    </ClInclude>
    <ClInclude Include="D:\My_file\opencv4.1\opencv\sources\modules\gapi\include\opencv2\gapi\ocl\core.hpp">
      <Filter>Include</Filter>
    </ClInclude>
    <ClInclude Include="D:\My_file\opencv4.1\opencv\sources\modules\gapi\include\opencv2\gapi\ocl\goclkernel.hpp">
      <Filter>Include</Filter>
    </ClInclude>
    <ClInclude Include="D:\My_file\opencv4.1\opencv\sources\modules\gapi\include\opencv2\gapi\ocl\imgproc.hpp">
      <Filter>Include</Filter>
    </ClInclude>
    <ClInclude Include="D:\My_file\opencv4.1\opencv\sources\modules\gapi\include\opencv2\gapi\opencv_includes.hpp">
      <Filter>Include</Filter>
    </ClInclude>
    <ClInclude Include="D:\My_file\opencv4.1\opencv\sources\modules\gapi\include\opencv2\gapi\operators.hpp">
      <Filter>Include</Filter>
    </ClInclude>
    <ClInclude Include="D:\My_file\opencv4.1\opencv\sources\modules\gapi\include\opencv2\gapi\own\assert.hpp">
      <Filter>Include</Filter>
    </ClInclude>
    <ClInclude Include="D:\My_file\opencv4.1\opencv\sources\modules\gapi\include\opencv2\gapi\own\convert.hpp">
      <Filter>Include</Filter>
    </ClInclude>
    <ClInclude Include="D:\My_file\opencv4.1\opencv\sources\modules\gapi\include\opencv2\gapi\own\cvdefs.hpp">
      <Filter>Include</Filter>
    </ClInclude>
    <ClInclude Include="D:\My_file\opencv4.1\opencv\sources\modules\gapi\include\opencv2\gapi\own\exports.hpp">
      <Filter>Include</Filter>
    </ClInclude>
    <ClInclude Include="D:\My_file\opencv4.1\opencv\sources\modules\gapi\include\opencv2\gapi\own\mat.hpp">
      <Filter>Include</Filter>
    </ClInclude>
    <ClInclude Include="D:\My_file\opencv4.1\opencv\sources\modules\gapi\include\opencv2\gapi\own\saturate.hpp">
      <Filter>Include</Filter>
    </ClInclude>
    <ClInclude Include="D:\My_file\opencv4.1\opencv\sources\modules\gapi\include\opencv2\gapi\own\scalar.hpp">
      <Filter>Include</Filter>
    </ClInclude>
    <ClInclude Include="D:\My_file\opencv4.1\opencv\sources\modules\gapi\include\opencv2\gapi\own\types.hpp">
      <Filter>Include</Filter>
    </ClInclude>
    <ClInclude Include="D:\My_file\opencv4.1\opencv\sources\modules\gapi\include\opencv2\gapi\util\any.hpp">
      <Filter>Include</Filter>
    </ClInclude>
    <ClInclude Include="D:\My_file\opencv4.1\opencv\sources\modules\gapi\include\opencv2\gapi\util\compiler_hints.hpp">
      <Filter>Include</Filter>
    </ClInclude>
    <ClInclude Include="D:\My_file\opencv4.1\opencv\sources\modules\gapi\include\opencv2\gapi\util\optional.hpp">
      <Filter>Include</Filter>
    </ClInclude>
    <ClInclude Include="D:\My_file\opencv4.1\opencv\sources\modules\gapi\include\opencv2\gapi\util\throw.hpp">
      <Filter>Include</Filter>
    </ClInclude>
    <ClInclude Include="D:\My_file\opencv4.1\opencv\sources\modules\gapi\include\opencv2\gapi\util\util.hpp">
      <Filter>Include</Filter>
    </ClInclude>
    <ClInclude Include="D:\My_file\opencv4.1\opencv\sources\modules\gapi\include\opencv2\gapi\util\variant.hpp">
      <Filter>Include</Filter>
    </ClInclude>
    <ClInclude Include="D:\My_file\opencv4.1\opencv-bulild\cvconfig.h">
      <Filter>Include</Filter>
    </ClInclude>
    <ClInclude Include="D:\My_file\opencv4.1\opencv-bulild\opencv2\opencv_modules.hpp">
      <Filter>Include</Filter>
    </ClInclude>
  </ItemGroup>
  <ItemGroup>
    <CustomBuild Include="D:\My_file\opencv4.1\opencv\sources\modules\gapi\CMakeLists.txt" />
  </ItemGroup>
  <ItemGroup>
    <Object Include="D:\My_file\opencv4.1\opencv-bulild\modules\gapi\opencv_gapi_SSE4_1.dir\$(Configuration)\gfluidimgproc_func.sse4_1.obj">
      <Filter>Object Libraries</Filter>
    </Object>
  </ItemGroup>
  <ItemGroup>
    <ResourceCompile Include="D:\My_file\opencv4.1\opencv-bulild\modules\gapi\vs_version.rc">
      <Filter>Src</Filter>
    </ResourceCompile>
  </ItemGroup>
  <ItemGroup>
    <Filter Include="Include">
      <UniqueIdentifier>{F05F0D06-2DC5-3D75-B987-448915EDDB80}</UniqueIdentifier>
    </Filter>
    <Filter Include="Object Libraries">
      <UniqueIdentifier>{08266CEB-8DC5-3157-9F8C-2E67D0F843AB}</UniqueIdentifier>
    </Filter>
    <Filter Include="Source Files">
      <UniqueIdentifier>{8E90F656-D8AC-305A-B235-8AB2E6E22006}</UniqueIdentifier>
    </Filter>
    <Filter Include="Src">
      <UniqueIdentifier>{17A87201-C451-369D-A32B-C00D68873E1A}</UniqueIdentifier>
    </Filter>
  </ItemGroup>
</Project>
