
Microsoft Visual Studio Solution File, Format Version 12.00
# Visual Studio 15
VisualStudioVersion = 15.0.28307.438
MinimumVisualStudioVersion = 10.0.40219.1
Project("{8BC9CEB8-8B4A-11D0-8D11-00A0C91BC942}") = "操作系统", "操作系统\操作系统.vcxproj", "{8CA78222-CF08-437C-81A5-E39513EFF627}"
EndProject
Global
	GlobalSection(SolutionConfigurationPlatforms) = preSolution
		Debug|x64 = Debug|x64
		Debug|x86 = Debug|x86
		Release|x64 = Release|x64
		Release|x86 = Release|x86
	EndGlobalSection
	GlobalSection(ProjectConfigurationPlatforms) = postSolution
		{8CA78222-CF08-437C-81A5-E39513EFF627}.Debug|x64.ActiveCfg = Debug|x64
		{8CA78222-CF08-437C-81A5-E39513EFF627}.Debug|x64.Build.0 = Debug|x64
		{8CA78222-CF08-437C-81A5-E39513EFF627}.Debug|x86.ActiveCfg = Debug|Win32
		{8CA78222-CF08-437C-81A5-E39513EFF627}.Debug|x86.Build.0 = Debug|Win32
		{8CA78222-CF08-437C-81A5-E39513EFF627}.Release|x64.ActiveCfg = Release|x64
		{8CA78222-CF08-437C-81A5-E39513EFF627}.Release|x64.Build.0 = Release|x64
		{8CA78222-CF08-437C-81A5-E39513EFF627}.Release|x86.ActiveCfg = Release|Win32
		{8CA78222-CF08-437C-81A5-E39513EFF627}.Release|x86.Build.0 = Release|Win32
	EndGlobalSection
	GlobalSection(SolutionProperties) = preSolution
		HideSolutionNode = FALSE
	EndGlobalSection
	GlobalSection(ExtensibilityGlobals) = postSolution
		SolutionGuid = {40C75C83-54E0-4BC5-9E53-EAEC124B0CF5}
	EndGlobalSection
EndGlobal
