<?xml version="1.0" encoding="utf-8"?>
<Project ToolsVersion="15.0" xmlns="http://schemas.microsoft.com/developer/msbuild/2003">
  <ItemGroup>
    <ClCompile Include="D:\My_file\opencv_contrib\modules\xphoto\src\bm3d_image_denoising.cpp">
      <Filter>Src</Filter>
    </ClCompile>
    <ClCompile Include="D:\My_file\opencv_contrib\modules\xphoto\src\dct_image_denoising.cpp">
      <Filter>Src</Filter>
    </ClCompile>
    <ClCompile Include="D:\My_file\opencv_contrib\modules\xphoto\src\grayworld_white_balance.cpp">
      <Filter>Src</Filter>
    </ClCompile>
    <ClCompile Include="D:\My_file\opencv_contrib\modules\xphoto\src\inpainting.cpp">
      <Filter>Src</Filter>
    </ClCompile>
    <ClCompile Include="D:\My_file\opencv_contrib\modules\xphoto\src\learning_based_color_balance.cpp">
      <Filter>Src</Filter>
    </ClCompile>
    <ClCompile Include="D:\My_file\opencv_contrib\modules\xphoto\src\oilpainting.cpp">
      <Filter>Src</Filter>
    </ClCompile>
    <ClCompile Include="D:\My_file\opencv_contrib\modules\xphoto\src\simple_color_balance.cpp">
      <Filter>Src</Filter>
    </ClCompile>
    <ClCompile Include="D:\My_file\opencv_contrib\modules\xphoto\src\tonemap.cpp">
      <Filter>Src</Filter>
    </ClCompile>
    <ClCompile Include="D:\My_file\opencv4.1\opencv-bulild\modules\xphoto\opencv_xphoto_main.cpp">
      <Filter>Source Files</Filter>
    </ClCompile>
  </ItemGroup>
  <ItemGroup>
    <ClInclude Include="D:\My_file\opencv_contrib\modules\xphoto\include\opencv2\xphoto.hpp">
      <Filter>Include\opencv2</Filter>
    </ClInclude>
    <ClInclude Include="D:\My_file\opencv_contrib\modules\xphoto\include\opencv2\xphoto\bm3d_image_denoising.hpp">
      <Filter>Include\opencv2\xphoto</Filter>
    </ClInclude>
    <ClInclude Include="D:\My_file\opencv_contrib\modules\xphoto\include\opencv2\xphoto\dct_image_denoising.hpp">
      <Filter>Include\opencv2\xphoto</Filter>
    </ClInclude>
    <ClInclude Include="D:\My_file\opencv_contrib\modules\xphoto\include\opencv2\xphoto\inpainting.hpp">
      <Filter>Include\opencv2\xphoto</Filter>
    </ClInclude>
    <ClInclude Include="D:\My_file\opencv_contrib\modules\xphoto\include\opencv2\xphoto\oilpainting.hpp">
      <Filter>Include\opencv2\xphoto</Filter>
    </ClInclude>
    <ClInclude Include="D:\My_file\opencv_contrib\modules\xphoto\include\opencv2\xphoto\tonemap.hpp">
      <Filter>Include\opencv2\xphoto</Filter>
    </ClInclude>
    <ClInclude Include="D:\My_file\opencv_contrib\modules\xphoto\include\opencv2\xphoto\white_balance.hpp">
      <Filter>Include\opencv2\xphoto</Filter>
    </ClInclude>
    <ClInclude Include="D:\My_file\opencv_contrib\modules\xphoto\src\advanced_types.hpp">
      <Filter>Src</Filter>
    </ClInclude>
    <ClInclude Include="D:\My_file\opencv_contrib\modules\xphoto\src\annf.hpp">
      <Filter>Src</Filter>
    </ClInclude>
    <ClInclude Include="D:\My_file\opencv_contrib\modules\xphoto\src\blending.hpp">
      <Filter>Src</Filter>
    </ClInclude>
    <ClInclude Include="D:\My_file\opencv_contrib\modules\xphoto\src\bm3d_denoising_invoker_commons.hpp">
      <Filter>Src</Filter>
    </ClInclude>
    <ClInclude Include="D:\My_file\opencv_contrib\modules\xphoto\src\bm3d_denoising_invoker_step1.hpp">
      <Filter>Src</Filter>
    </ClInclude>
    <ClInclude Include="D:\My_file\opencv_contrib\modules\xphoto\src\bm3d_denoising_invoker_step2.hpp">
      <Filter>Src</Filter>
    </ClInclude>
    <ClInclude Include="D:\My_file\opencv_contrib\modules\xphoto\src\bm3d_denoising_invoker_structs.hpp">
      <Filter>Src</Filter>
    </ClInclude>
    <ClInclude Include="D:\My_file\opencv_contrib\modules\xphoto\src\bm3d_denoising_transforms.hpp">
      <Filter>Src</Filter>
    </ClInclude>
    <ClInclude Include="D:\My_file\opencv_contrib\modules\xphoto\src\bm3d_denoising_transforms_1D.hpp">
      <Filter>Src</Filter>
    </ClInclude>
    <ClInclude Include="D:\My_file\opencv_contrib\modules\xphoto\src\bm3d_denoising_transforms_2D.hpp">
      <Filter>Src</Filter>
    </ClInclude>
    <ClInclude Include="D:\My_file\opencv_contrib\modules\xphoto\src\bm3d_denoising_transforms_haar.hpp">
      <Filter>Src</Filter>
    </ClInclude>
    <ClInclude Include="D:\My_file\opencv_contrib\modules\xphoto\src\gcgraph.hpp">
      <Filter>Src</Filter>
    </ClInclude>
    <ClInclude Include="D:\My_file\opencv_contrib\modules\xphoto\src\inpainting_fsr.impl.hpp">
      <Filter>Src</Filter>
    </ClInclude>
    <ClInclude Include="D:\My_file\opencv_contrib\modules\xphoto\src\kaiser_window.hpp">
      <Filter>Src</Filter>
    </ClInclude>
    <ClInclude Include="D:\My_file\opencv_contrib\modules\xphoto\src\learning_based_color_balance_model.hpp">
      <Filter>Src</Filter>
    </ClInclude>
    <ClInclude Include="D:\My_file\opencv_contrib\modules\xphoto\src\norm2.hpp">
      <Filter>Src</Filter>
    </ClInclude>
    <ClInclude Include="D:\My_file\opencv_contrib\modules\xphoto\src\photomontage.hpp">
      <Filter>Src</Filter>
    </ClInclude>
    <ClInclude Include="D:\My_file\opencv_contrib\modules\xphoto\src\whs.hpp">
      <Filter>Src</Filter>
    </ClInclude>
    <ClInclude Include="D:\My_file\opencv4.1\opencv-bulild\cvconfig.h">
      <Filter>Include</Filter>
    </ClInclude>
    <ClInclude Include="D:\My_file\opencv4.1\opencv-bulild\opencv2\opencv_modules.hpp">
      <Filter>Include</Filter>
    </ClInclude>
  </ItemGroup>
  <ItemGroup>
    <CustomBuild Include="D:\My_file\opencv_contrib\modules\xphoto\CMakeLists.txt" />
  </ItemGroup>
  <ItemGroup>
    <ResourceCompile Include="D:\My_file\opencv4.1\opencv-bulild\modules\xphoto\vs_version.rc">
      <Filter>Src</Filter>
    </ResourceCompile>
  </ItemGroup>
  <ItemGroup>
    <Filter Include="Include">
      <UniqueIdentifier>{F05F0D06-2DC5-3D75-B987-448915EDDB80}</UniqueIdentifier>
    </Filter>
    <Filter Include="Include\opencv2">
      <UniqueIdentifier>{766F4EAB-37E9-3242-ACF8-9F35D303A390}</UniqueIdentifier>
    </Filter>
    <Filter Include="Include\opencv2\xphoto">
      <UniqueIdentifier>{7ABEFCD9-BD49-3892-BC04-3B3AF2CC5479}</UniqueIdentifier>
    </Filter>
    <Filter Include="Source Files">
      <UniqueIdentifier>{8E90F656-D8AC-305A-B235-8AB2E6E22006}</UniqueIdentifier>
    </Filter>
    <Filter Include="Src">
      <UniqueIdentifier>{17A87201-C451-369D-A32B-C00D68873E1A}</UniqueIdentifier>
    </Filter>
  </ItemGroup>
</Project>
